// !$*UTF8*$!
{
	archiveVersion = 1;
	classes = {
	};
	objectVersion = 56;
	objects = {

/* Begin PBXBuildFile section */
		4922E7EC2ADF266D005BF1DF /* BookwormApp.swift in Sources */ = {isa = PBXBuildFile; fileRef = 4922E7EB2ADF266D005BF1DF /* BookwormApp.swift */; };
		4922E7EE2ADF266D005BF1DF /* ContentView.swift in Sources */ = {isa = PBXBuildFile; fileRef = 4922E7ED2ADF266D005BF1DF /* ContentView.swift */; };
		4922E7F02ADF266E005BF1DF /* Assets.xcassets in Resources */ = {isa = PBXBuildFile; fileRef = 4922E7EF2ADF266E005BF1DF /* Assets.xcassets */; };
		4922E7F32ADF266E005BF1DF /* Preview Assets.xcassets in Resources */ = {isa = PBXBuildFile; fileRef = 4922E7F22ADF266E005BF1DF /* Preview Assets.xcassets */; };
		4922E7FD2ADF266E005BF1DF /* BookwormTests.swift in Sources */ = {isa = PBXBuildFile; fileRef = 4922E7FC2ADF266E005BF1DF /* BookwormTests.swift */; };
		4922E8072ADF266E005BF1DF /* BookwormUITests.swift in Sources */ = {isa = PBXBuildFile; fileRef = 4922E8062ADF266E005BF1DF /* BookwormUITests.swift */; };
		4922E8092ADF266E005BF1DF /* BookwormUITestsLaunchTests.swift in Sources */ = {isa = PBXBuildFile; fileRef = 4922E8082ADF266E005BF1DF /* BookwormUITestsLaunchTests.swift */; };
		4922E8192ADF29EC005BF1DF /* Bookworm.xcdatamodeld in Sources */ = {isa = PBXBuildFile; fileRef = 4922E8172ADF29EC005BF1DF /* Bookworm.xcdatamodeld */; };
		4922E81B2ADF2A41005BF1DF /* DataController.swift in Sources */ = {isa = PBXBuildFile; fileRef = 4922E81A2ADF2A41005BF1DF /* DataController.swift */; };
		49E70EC62AE077E70098BAE2 /* AddBookView.swift in Sources */ = {isa = PBXBuildFile; fileRef = 49E70EC52AE077E70098BAE2 /* AddBookView.swift */; };
		49E70EC82AE07B4D0098BAE2 /* RatingView.swift in Sources */ = {isa = PBXBuildFile; fileRef = 49E70EC72AE07B4D0098BAE2 /* RatingView.swift */; };
		49E70ECA2AE07D4E0098BAE2 /* EmojiRatingView.swift in Sources */ = {isa = PBXBuildFile; fileRef = 49E70EC92AE07D4E0098BAE2 /* EmojiRatingView.swift */; };
		49E710E22AE1C54D0098BAE2 /* BookDetails.swift in Sources */ = {isa = PBXBuildFile; fileRef = 49E710E12AE1C54D0098BAE2 /* BookDetails.swift */; };
/* End PBXBuildFile section */

/* Begin PBXContainerItemProxy section */
		4922E7F92ADF266E005BF1DF /* PBXContainerItemProxy */ = {
			isa = PBXContainerItemProxy;
			containerPortal = 4922E7E02ADF266D005BF1DF /* Project object */;
			proxyType = 1;
			remoteGlobalIDString = 4922E7E72ADF266D005BF1DF;
			remoteInfo = Bookworm;
		};
		4922E8032ADF266E005BF1DF /* PBXContainerItemProxy */ = {
			isa = PBXContainerItemProxy;
			containerPortal = 4922E7E02ADF266D005BF1DF /* Project object */;
			proxyType = 1;
			remoteGlobalIDString = 4922E7E72ADF266D005BF1DF;
			remoteInfo = Bookworm;
		};
/* End PBXContainerItemProxy section */

/* Begin PBXFileReference section */
		4922E7E82ADF266D005BF1DF /* Bookworm.app */ = {isa = PBXFileReference; explicitFileType = wrapper.application; includeInIndex = 0; path = Bookworm.app; sourceTree = BUILT_PRODUCTS_DIR; };
		4922E7EB2ADF266D005BF1DF /* BookwormApp.swift */ = {isa = PBXFileReference; lastKnownFileType = sourcecode.swift; path = BookwormApp.swift; sourceTree = "<group>"; };
		4922E7ED2ADF266D005BF1DF /* ContentView.swift */ = {isa = PBXFileReference; lastKnownFileType = sourcecode.swift; path = ContentView.swift; sourceTree = "<group>"; };
		4922E7EF2ADF266E005BF1DF /* Assets.xcassets */ = {isa = PBXFileReference; lastKnownFileType = folder.assetcatalog; path = Assets.xcassets; sourceTree = "<group>"; };
		4922E7F22ADF266E005BF1DF /* Preview Assets.xcassets */ = {isa = PBXFileReference; lastKnownFileType = folder.assetcatalog; path = "Preview Assets.xcassets"; sourceTree = "<group>"; };
		4922E7F82ADF266E005BF1DF /* BookwormTests.xctest */ = {isa = PBXFileReference; explicitFileType = wrapper.cfbundle; includeInIndex = 0; path = BookwormTests.xctest; sourceTree = BUILT_PRODUCTS_DIR; };
		4922E7FC2ADF266E005BF1DF /* BookwormTests.swift */ = {isa = PBXFileReference; lastKnownFileType = sourcecode.swift; path = BookwormTests.swift; sourceTree = "<group>"; };
		4922E8022ADF266E005BF1DF /* BookwormUITests.xctest */ = {isa = PBXFileReference; explicitFileType = wrapper.cfbundle; includeInIndex = 0; path = BookwormUITests.xctest; sourceTree = BUILT_PRODUCTS_DIR; };
		4922E8062ADF266E005BF1DF /* BookwormUITests.swift */ = {isa = PBXFileReference; lastKnownFileType = sourcecode.swift; path = BookwormUITests.swift; sourceTree = "<group>"; };
		4922E8082ADF266E005BF1DF /* BookwormUITestsLaunchTests.swift */ = {isa = PBXFileReference; lastKnownFileType = sourcecode.swift; path = BookwormUITestsLaunchTests.swift; sourceTree = "<group>"; };
		4922E8182ADF29EC005BF1DF /* Bookworm.xcdatamodel */ = {isa = PBXFileReference; lastKnownFileType = wrapper.xcdatamodel; path = Bookworm.xcdatamodel; sourceTree = "<group>"; };
		4922E81A2ADF2A41005BF1DF /* DataController.swift */ = {isa = PBXFileReference; lastKnownFileType = sourcecode.swift; path = DataController.swift; sourceTree = "<group>"; };
		49E70EC52AE077E70098BAE2 /* AddBookView.swift */ = {isa = PBXFileReference; lastKnownFileType = sourcecode.swift; path = AddBookView.swift; sourceTree = "<group>"; };
		49E70EC72AE07B4D0098BAE2 /* RatingView.swift */ = {isa = PBXFileReference; lastKnownFileType = sourcecode.swift; path = RatingView.swift; sourceTree = "<group>"; };
		49E70EC92AE07D4E0098BAE2 /* EmojiRatingView.swift */ = {isa = PBXFileReference; lastKnownFileType = sourcecode.swift; path = EmojiRatingView.swift; sourceTree = "<group>"; };
		49E710E12AE1C54D0098BAE2 /* BookDetails.swift */ = {isa = PBXFileReference; lastKnownFileType = sourcecode.swift; path = BookDetails.swift; sourceTree = "<group>"; };
/* End PBXFileReference section */

/* Begin PBXFrameworksBuildPhase section */
		4922E7E52ADF266D005BF1DF /* Frameworks */ = {
			isa = PBXFrameworksBuildPhase;
			buildActionMask = 2147483647;
			files = (
			);
			runOnlyForDeploymentPostprocessing = 0;
		};
		4922E7F52ADF266E005BF1DF /* Frameworks */ = {
			isa = PBXFrameworksBuildPhase;
			buildActionMask = 2147483647;
			files = (
			);
			runOnlyForDeploymentPostprocessing = 0;
		};
		4922E7FF2ADF266E005BF1DF /* Frameworks */ = {
			isa = PBXFrameworksBuildPhase;
			buildActionMask = 2147483647;
			files = (
			);
			runOnlyForDeploymentPostprocessing = 0;
		};
/* End PBXFrameworksBuildPhase section */

/* Begin PBXGroup section */
		4922E7DF2ADF266D005BF1DF = {
			isa = PBXGroup;
			children = (
				4922E7EA2ADF266D005BF1DF /* Bookworm */,
				4922E7FB2ADF266E005BF1DF /* BookwormTests */,
				4922E8052ADF266E005BF1DF /* BookwormUITests */,
				4922E7E92ADF266D005BF1DF /* Products */,
			);
			sourceTree = "<group>";
		};
		4922E7E92ADF266D005BF1DF /* Products */ = {
			isa = PBXGroup;
			children = (
				4922E7E82ADF266D005BF1DF /* Bookworm.app */,
				4922E7F82ADF266E005BF1DF /* BookwormTests.xctest */,
				4922E8022ADF266E005BF1DF /* BookwormUITests.xctest */,
			);
			name = Products;
			sourceTree = "<group>";
		};
		4922E7EA2ADF266D005BF1DF /* Bookworm */ = {
			isa = PBXGroup;
			children = (
				4922E7EB2ADF266D005BF1DF /* BookwormApp.swift */,
				4922E7ED2ADF266D005BF1DF /* ContentView.swift */,
				4922E7EF2ADF266E005BF1DF /* Assets.xcassets */,
				4922E7F12ADF266E005BF1DF /* Preview Content */,
				4922E8172ADF29EC005BF1DF /* Bookworm.xcdatamodeld */,
				4922E81A2ADF2A41005BF1DF /* DataController.swift */,
				49E70EC52AE077E70098BAE2 /* AddBookView.swift */,
				49E70EC72AE07B4D0098BAE2 /* RatingView.swift */,
				49E70EC92AE07D4E0098BAE2 /* EmojiRatingView.swift */,
				49E710E12AE1C54D0098BAE2 /* BookDetails.swift */,
			);
			path = Bookworm;
			sourceTree = "<group>";
		};
		4922E7F12ADF266E005BF1DF /* Preview Content */ = {
			isa = PBXGroup;
			children = (
				4922E7F22ADF266E005BF1DF /* Preview Assets.xcassets */,
			);
			path = "Preview Content";
			sourceTree = "<group>";
		};
		4922E7FB2ADF266E005BF1DF /* BookwormTests */ = {
			isa = PBXGroup;
			children = (
				4922E7FC2ADF266E005BF1DF /* BookwormTests.swift */,
			);
			path = BookwormTests;
			sourceTree = "<group>";
		};
		4922E8052ADF266E005BF1DF /* BookwormUITests */ = {
			isa = PBXGroup;
			children = (
				4922E8062ADF266E005BF1DF /* BookwormUITests.swift */,
				4922E8082ADF266E005BF1DF /* BookwormUITestsLaunchTests.swift */,
			);
			path = BookwormUITests;
			sourceTree = "<group>";
		};
/* End PBXGroup section */

/* Begin PBXNativeTarget section */
		4922E7E72ADF266D005BF1DF /* Bookworm */ = {
			isa = PBXNativeTarget;
			buildConfigurationList = 4922E80C2ADF266E005BF1DF /* Build configuration list for PBXNativeTarget "Bookworm" */;
			buildPhases = (
				4922E7E42ADF266D005BF1DF /* Sources */,
				4922E7E52ADF266D005BF1DF /* Frameworks */,
				4922E7E62ADF266D005BF1DF /* Resources */,
			);
			buildRules = (
			);
			dependencies = (
			);
			name = Bookworm;
			productName = Bookworm;
			productReference = 4922E7E82ADF266D005BF1DF /* Bookworm.app */;
			productType = "com.apple.product-type.application";
		};
		4922E7F72ADF266E005BF1DF /* BookwormTests */ = {
			isa = PBXNativeTarget;
			buildConfigurationList = 4922E80F2ADF266E005BF1DF /* Build configuration list for PBXNativeTarget "BookwormTests" */;
			buildPhases = (
				4922E7F42ADF266E005BF1DF /* Sources */,
				4922E7F52ADF266E005BF1DF /* Frameworks */,
				4922E7F62ADF266E005BF1DF /* Resources */,
			);
			buildRules = (
			);
			dependencies = (
				4922E7FA2ADF266E005BF1DF /* PBXTargetDependency */,
			);
			name = BookwormTests;
			productName = BookwormTests;
			productReference = 4922E7F82ADF266E005BF1DF /* BookwormTests.xctest */;
			productType = "com.apple.product-type.bundle.unit-test";
		};
		4922E8012ADF266E005BF1DF /* BookwormUITests */ = {
			isa = PBXNativeTarget;
			buildConfigurationList = 4922E8122ADF266E005BF1DF /* Build configuration list for PBXNativeTarget "BookwormUITests" */;
			buildPhases = (
				4922E7FE2ADF266E005BF1DF /* Sources */,
				4922E7FF2ADF266E005BF1DF /* Frameworks */,
				4922E8002ADF266E005BF1DF /* Resources */,
			);
			buildRules = (
			);
			dependencies = (
				4922E8042ADF266E005BF1DF /* PBXTargetDependency */,
			);
			name = BookwormUITests;
			productName = BookwormUITests;
			productReference = 4922E8022ADF266E005BF1DF /* BookwormUITests.xctest */;
			productType = "com.apple.product-type.bundle.ui-testing";
		};
/* End PBXNativeTarget section */

/* Begin PBXProject section */
		4922E7E02ADF266D005BF1DF /* Project object */ = {
			isa = PBXProject;
			attributes = {
				BuildIndependentTargetsInParallel = 1;
				LastSwiftUpdateCheck = 1430;
				LastUpgradeCheck = 1430;
				TargetAttributes = {
					4922E7E72ADF266D005BF1DF = {
						CreatedOnToolsVersion = 14.3.1;
					};
					4922E7F72ADF266E005BF1DF = {
						CreatedOnToolsVersion = 14.3.1;
						TestTargetID = 4922E7E72ADF266D005BF1DF;
					};
					4922E8012ADF266E005BF1DF = {
						CreatedOnToolsVersion = 14.3.1;
						TestTargetID = 4922E7E72ADF266D005BF1DF;
					};
				};
			};
			buildConfigurationList = 4922E7E32ADF266D005BF1DF /* Build configuration list for PBXProject "Bookworm" */;
			compatibilityVersion = "Xcode 14.0";
			developmentRegion = en;
			hasScannedForEncodings = 0;
			knownRegions = (
				en,
				Base,
			);
			mainGroup = 4922E7DF2ADF266D005BF1DF;
			productRefGroup = 4922E7E92ADF266D005BF1DF /* Products */;
			projectDirPath = "";
			projectRoot = "";
			targets = (
				4922E7E72ADF266D005BF1DF /* Bookworm */,
				4922E7F72ADF266E005BF1DF /* BookwormTests */,
				4922E8012ADF266E005BF1DF /* BookwormUITests */,
			);
		};
/* End PBXProject section */

/* Begin PBXResourcesBuildPhase section */
		4922E7E62ADF266D005BF1DF /* Resources */ = {
			isa = PBXResourcesBuildPhase;
			buildActionMask = 2147483647;
			files = (
				4922E7F32ADF266E005BF1DF /* Preview Assets.xcassets in Resources */,
				4922E7F02ADF266E005BF1DF /* Assets.xcassets in Resources */,
			);
			runOnlyForDeploymentPostprocessing = 0;
		};
		4922E7F62ADF266E005BF1DF /* Resources */ = {
			isa = PBXResourcesBuildPhase;
			buildActionMask = 2147483647;
			files = (
			);
			runOnlyForDeploymentPostprocessing = 0;
		};
		4922E8002ADF266E005BF1DF /* Resources */ = {
			isa = PBXResourcesBuildPhase;
			buildActionMask = 2147483647;
			files = (
			);
			runOnlyForDeploymentPostprocessing = 0;
		};
/* End PBXResourcesBuildPhase section */

/* Begin PBXSourcesBuildPhase section */
		4922E7E42ADF266D005BF1DF /* Sources */ = {
			isa = PBXSourcesBuildPhase;
			buildActionMask = 2147483647;
			files = (
				4922E81B2ADF2A41005BF1DF /* DataController.swift in Sources */,
				4922E7EE2ADF266D005BF1DF /* ContentView.swift in Sources */,
				49E70ECA2AE07D4E0098BAE2 /* EmojiRatingView.swift in Sources */,
				4922E8192ADF29EC005BF1DF /* Bookworm.xcdatamodeld in Sources */,
				49E70EC82AE07B4D0098BAE2 /* RatingView.swift in Sources */,
				49E710E22AE1C54D0098BAE2 /* BookDetails.swift in Sources */,
				4922E7EC2ADF266D005BF1DF /* BookwormApp.swift in Sources */,
				49E70EC62AE077E70098BAE2 /* AddBookView.swift in Sources */,
			);
			runOnlyForDeploymentPostprocessing = 0;
		};
		4922E7F42ADF266E005BF1DF /* Sources */ = {
			isa = PBXSourcesBuildPhase;
			buildActionMask = 2147483647;
			files = (
				4922E7FD2ADF266E005BF1DF /* BookwormTests.swift in Sources */,
			);
			runOnlyForDeploymentPostprocessing = 0;
		};
		4922E7FE2ADF266E005BF1DF /* Sources */ = {
			isa = PBXSourcesBuildPhase;
			buildActionMask = 2147483647;
			files = (
				4922E8092ADF266E005BF1DF /* BookwormUITestsLaunchTests.swift in Sources */,
				4922E8072ADF266E005BF1DF /* BookwormUITests.swift in Sources */,
			);
			runOnlyForDeploymentPostprocessing = 0;
		};
/* End PBXSourcesBuildPhase section */

/* Begin PBXTargetDependency section */
		4922E7FA2ADF266E005BF1DF /* PBXTargetDependency */ = {
			isa = PBXTargetDependency;
			target = 4922E7E72ADF266D005BF1DF /* Bookworm */;
			targetProxy = 4922E7F92ADF266E005BF1DF /* PBXContainerItemProxy */;
		};
		4922E8042ADF266E005BF1DF /* PBXTargetDependency */ = {
			isa = PBXTargetDependency;
			target = 4922E7E72ADF266D005BF1DF /* Bookworm */;
			targetProxy = 4922E8032ADF266E005BF1DF /* PBXContainerItemProxy */;
		};
/* End PBXTargetDependency section */

/* Begin XCBuildConfiguration section */
		4922E80A2ADF266E005BF1DF /* Debug */ = {
			isa = XCBuildConfiguration;
			buildSettings = {
				ALWAYS_SEARCH_USER_PATHS = NO;
				CLANG_ANALYZER_NONNULL = YES;
				CLANG_ANALYZER_NUMBER_OBJECT_CONVERSION = YES_AGGRESSIVE;
				CLANG_CXX_LANGUAGE_STANDARD = "gnu++20";
				CLANG_ENABLE_MODULES = YES;
				CLANG_ENABLE_OBJC_ARC = YES;
				CLANG_ENABLE_OBJC_WEAK = YES;
				CLANG_WARN_BLOCK_CAPTURE_AUTORELEASING = YES;
				CLANG_WARN_BOOL_CONVERSION = YES;
				CLANG_WARN_COMMA = YES;
				CLANG_WARN_CONSTANT_CONVERSION = YES;
				CLANG_WARN_DEPRECATED_OBJC_IMPLEMENTATIONS = YES;
				CLANG_WARN_DIRECT_OBJC_ISA_USAGE = YES_ERROR;
				CLANG_WARN_DOCUMENTATION_COMMENTS = YES;
				CLANG_WARN_EMPTY_BODY = YES;
				CLANG_WARN_ENUM_CONVERSION = YES;
				CLANG_WARN_INFINITE_RECURSION = YES;
				CLANG_WARN_INT_CONVERSION = YES;
				CLANG_WARN_NON_LITERAL_NULL_CONVERSION = YES;
				CLANG_WARN_OBJC_IMPLICIT_RETAIN_SELF = YES;
				CLANG_WARN_OBJC_LITERAL_CONVERSION = YES;
				CLANG_WARN_OBJC_ROOT_CLASS = YES_ERROR;
				CLANG_WARN_QUOTED_INCLUDE_IN_FRAMEWORK_HEADER = YES;
				CLANG_WARN_RANGE_LOOP_ANALYSIS = YES;
				CLANG_WARN_STRICT_PROTOTYPES = YES;
				CLANG_WARN_SUSPICIOUS_MOVE = YES;
				CLANG_WARN_UNGUARDED_AVAILABILITY = YES_AGGRESSIVE;
				CLANG_WARN_UNREACHABLE_CODE = YES;
				CLANG_WARN__DUPLICATE_METHOD_MATCH = YES;
				COPY_PHASE_STRIP = NO;
				DEBUG_INFORMATION_FORMAT = dwarf;
				ENABLE_STRICT_OBJC_MSGSEND = YES;
				ENABLE_TESTABILITY = YES;
				GCC_C_LANGUAGE_STANDARD = gnu11;
				GCC_DYNAMIC_NO_PIC = NO;
				GCC_NO_COMMON_BLOCKS = YES;
				GCC_OPTIMIZATION_LEVEL = 0;
				GCC_PREPROCESSOR_DEFINITIONS = (
					"DEBUG=1",
					"$(inherited)",
				);
				GCC_WARN_64_TO_32_BIT_CONVERSION = YES;
				GCC_WARN_ABOUT_RETURN_TYPE = YES_ERROR;
				GCC_WARN_UNDECLARED_SELECTOR = YES;
				GCC_WARN_UNINITIALIZED_AUTOS = YES_AGGRESSIVE;
				GCC_WARN_UNUSED_FUNCTION = YES;
				GCC_WARN_UNUSED_VARIABLE = YES;
				IPHONEOS_DEPLOYMENT_TARGET = 16.4;
				MTL_ENABLE_DEBUG_INFO = INCLUDE_SOURCE;
				MTL_FAST_MATH = YES;
				ONLY_ACTIVE_ARCH = YES;
				SDKROOT = iphoneos;
				SWIFT_ACTIVE_COMPILATION_CONDITIONS = DEBUG;
				SWIFT_OPTIMIZATION_LEVEL = "-Onone";
			};
			name = Debug;
		};
		4922E80B2ADF266E005BF1DF /* Release */ = {
			isa = XCBuildConfiguration;
			buildSettings = {
				ALWAYS_SEARCH_USER_PATHS = NO;
				CLANG_ANALYZER_NONNULL = YES;
				CLANG_ANALYZER_NUMBER_OBJECT_CONVERSION = YES_AGGRESSIVE;
				CLANG_CXX_LANGUAGE_STANDARD = "gnu++20";
				CLANG_ENABLE_MODULES = YES;
				CLANG_ENABLE_OBJC_ARC = YES;
				CLANG_ENABLE_OBJC_WEAK = YES;
				CLANG_WARN_BLOCK_CAPTURE_AUTORELEASING = YES;
				CLANG_WARN_BOOL_CONVERSION = YES;
				CLANG_WARN_COMMA = YES;
				CLANG_WARN_CONSTANT_CONVERSION = YES;
				CLANG_WARN_DEPRECATED_OBJC_IMPLEMENTATIONS = YES;
				CLANG_WARN_DIRECT_OBJC_ISA_USAGE = YES_ERROR;
				CLANG_WARN_DOCUMENTATION_COMMENTS = YES;
				CLANG_WARN_EMPTY_BODY = YES;
				CLANG_WARN_ENUM_CONVERSION = YES;
				CLANG_WARN_INFINITE_RECURSION = YES;
				CLANG_WARN_INT_CONVERSION = YES;
				CLANG_WARN_NON_LITERAL_NULL_CONVERSION = YES;
				CLANG_WARN_OBJC_IMPLICIT_RETAIN_SELF = YES;
				CLANG_WARN_OBJC_LITERAL_CONVERSION = YES;
				CLANG_WARN_OBJC_ROOT_CLASS = YES_ERROR;
				CLANG_WARN_QUOTED_INCLUDE_IN_FRAMEWORK_HEADER = YES;
				CLANG_WARN_RANGE_LOOP_ANALYSIS = YES;
				CLANG_WARN_STRICT_PROTOTYPES = YES;
				CLANG_WARN_SUSPICIOUS_MOVE = YES;
				CLANG_WARN_UNGUARDED_AVAILABILITY = YES_AGGRESSIVE;
				CLANG_WARN_UNREACHABLE_CODE = YES;
				CLANG_WARN__DUPLICATE_METHOD_MATCH = YES;
				COPY_PHASE_STRIP = NO;
				DEBUG_INFORMATION_FORMAT = "dwarf-with-dsym";
				ENABLE_NS_ASSERTIONS = NO;
				ENABLE_STRICT_OBJC_MSGSEND = YES;
				GCC_C_LANGUAGE_STANDARD = gnu11;
				GCC_NO_COMMON_BLOCKS = YES;
				GCC_WARN_64_TO_32_BIT_CONVERSION = YES;
				GCC_WARN_ABOUT_RETURN_TYPE = YES_ERROR;
				GCC_WARN_UNDECLARED_SELECTOR = YES;
				GCC_WARN_UNINITIALIZED_AUTOS = YES_AGGRESSIVE;
				GCC_WARN_UNUSED_FUNCTION = YES;
				GCC_WARN_UNUSED_VARIABLE = YES;
				IPHONEOS_DEPLOYMENT_TARGET = 16.4;
				MTL_ENABLE_DEBUG_INFO = NO;
				MTL_FAST_MATH = YES;
				SDKROOT = iphoneos;
				SWIFT_COMPILATION_MODE = wholemodule;
				SWIFT_OPTIMIZATION_LEVEL = "-O";
				VALIDATE_PRODUCT = YES;
			};
			name = Release;
		};
		4922E80D2ADF266E005BF1DF /* Debug */ = {
			isa = XCBuildConfiguration;
			buildSettings = {
				ASSETCATALOG_COMPILER_APPICON_NAME = AppIcon;
				ASSETCATALOG_COMPILER_GLOBAL_ACCENT_COLOR_NAME = AccentColor;
				CODE_SIGN_STYLE = Automatic;
				CURRENT_PROJECT_VERSION = 1;
				DEVELOPMENT_ASSET_PATHS = "\"Bookworm/Preview Content\"";
				ENABLE_PREVIEWS = YES;
				GENERATE_INFOPLIST_FILE = YES;
				INFOPLIST_KEY_UIApplicationSceneManifest_Generation = YES;
				INFOPLIST_KEY_UIApplicationSupportsIndirectInputEvents = YES;
				INFOPLIST_KEY_UILaunchScreen_Generation = YES;
				INFOPLIST_KEY_UISupportedInterfaceOrientations_iPad = "UIInterfaceOrientationPortrait UIInterfaceOrientationPortraitUpsideDown UIInterfaceOrientationLandscapeLeft UIInterfaceOrientationLandscapeRight";
				INFOPLIST_KEY_UISupportedInterfaceOrientations_iPhone = "UIInterfaceOrientationPortrait UIInterfaceOrientationLandscapeLeft UIInterfaceOrientationLandscapeRight";
				LD_RUNPATH_SEARCH_PATHS = (
					"$(inherited)",
					"@executable_path/Frameworks",
				);
				MARKETING_VERSION = 1.0;
				PRODUCT_BUNDLE_IDENTIFIER = something.Bookworm;
				PRODUCT_NAME = "$(TARGET_NAME)";
				SWIFT_EMIT_LOC_STRINGS = YES;
				SWIFT_VERSION = 5.0;
				TARGETED_DEVICE_FAMILY = "1,2";
			};
			name = Debug;
		};
		4922E80E2ADF266E005BF1DF /* Release */ = {
			isa = XCBuildConfiguration;
			buildSettings = {
				ASSETCATALOG_COMPILER_APPICON_NAME = AppIcon;
				ASSETCATALOG_COMPILER_GLOBAL_ACCENT_COLOR_NAME = AccentColor;
				CODE_SIGN_STYLE = Automatic;
				CURRENT_PROJECT_VERSION = 1;
				DEVELOPMENT_ASSET_PATHS = "\"Bookworm/Preview Content\"";
				ENABLE_PREVIEWS = YES;
				GENERATE_INFOPLIST_FILE = YES;
				INFOPLIST_KEY_UIApplicationSceneManifest_Generation = YES;
				INFOPLIST_KEY_UIApplicationSupportsIndirectInputEvents = YES;
				INFOPLIST_KEY_UILaunchScreen_Generation = YES;
				INFOPLIST_KEY_UISupportedInterfaceOrientations_iPad = "UIInterfaceOrientationPortrait UIInterfaceOrientationPortraitUpsideDown UIInterfaceOrientationLandscapeLeft UIInterfaceOrientationLandscapeRight";
				INFOPLIST_KEY_UISupportedInterfaceOrientations_iPhone = "UIInterfaceOrientationPortrait UIInterfaceOrientationLandscapeLeft UIInterfaceOrientationLandscapeRight";
				LD_RUNPATH_SEARCH_PATHS = (
					"$(inherited)",
					"@executable_path/Frameworks",
				);
				MARKETING_VERSION = 1.0;
				PRODUCT_BUNDLE_IDENTIFIER = something.Bookworm;
				PRODUCT_NAME = "$(TARGET_NAME)";
				SWIFT_EMIT_LOC_STRINGS = YES;
				SWIFT_VERSION = 5.0;
				TARGETED_DEVICE_FAMILY = "1,2";
			};
			name = Release;
		};
		4922E8102ADF266E005BF1DF /* Debug */ = {
			isa = XCBuildConfiguration;
			buildSettings = {
				ALWAYS_EMBED_SWIFT_STANDARD_LIBRARIES = YES;
				BUNDLE_LOADER = "$(TEST_HOST)";
				CODE_SIGN_STYLE = Automatic;
				CURRENT_PROJECT_VERSION = 1;
				GENERATE_INFOPLIST_FILE = YES;
				IPHONEOS_DEPLOYMENT_TARGET = 16.4;
				MARKETING_VERSION = 1.0;
				PRODUCT_BUNDLE_IDENTIFIER = something.BookwormTests;
				PRODUCT_NAME = "$(TARGET_NAME)";
				SWIFT_EMIT_LOC_STRINGS = NO;
				SWIFT_VERSION = 5.0;
				TARGETED_DEVICE_FAMILY = "1,2";
				TEST_HOST = "$(BUILT_PRODUCTS_DIR)/Bookworm.app/$(BUNDLE_EXECUTABLE_FOLDER_PATH)/Bookworm";
			};
			name = Debug;
		};
		4922E8112ADF266E005BF1DF /* Release */ = {
			isa = XCBuildConfiguration;
			buildSettings = {
				ALWAYS_EMBED_SWIFT_STANDARD_LIBRARIES = YES;
				BUNDLE_LOADER = "$(TEST_HOST)";
				CODE_SIGN_STYLE = Automatic;
				CURRENT_PROJECT_VERSION = 1;
				GENERATE_INFOPLIST_FILE = YES;
				IPHONEOS_DEPLOYMENT_TARGET = 16.4;
				MARKETING_VERSION = 1.0;
				PRODUCT_BUNDLE_IDENTIFIER = something.BookwormTests;
				PRODUCT_NAME = "$(TARGET_NAME)";
				SWIFT_EMIT_LOC_STRINGS = NO;
				SWIFT_VERSION = 5.0;
				TARGETED_DEVICE_FAMILY = "1,2";
				TEST_HOST = "$(BUILT_PRODUCTS_DIR)/Bookworm.app/$(BUNDLE_EXECUTABLE_FOLDER_PATH)/Bookworm";
			};
			name = Release;
		};
		4922E8132ADF266E005BF1DF /* Debug */ = {
			isa = XCBuildConfiguration;
			buildSettings = {
				ALWAYS_EMBED_SWIFT_STANDARD_LIBRARIES = YES;
				CODE_SIGN_STYLE = Automatic;
				CURRENT_PROJECT_VERSION = 1;
				GENERATE_INFOPLIST_FILE = YES;
				MARKETING_VERSION = 1.0;
				PRODUCT_BUNDLE_IDENTIFIER = something.BookwormUITests;
				PRODUCT_NAME = "$(TARGET_NAME)";
				SWIFT_EMIT_LOC_STRINGS = NO;
				SWIFT_VERSION = 5.0;
				TARGETED_DEVICE_FAMILY = "1,2";
				TEST_TARGET_NAME = Bookworm;
			};
			name = Debug;
		};
		4922E8142ADF266E005BF1DF /* Release */ = {
			isa = XCBuildConfiguration;
			buildSettings = {
				ALWAYS_EMBED_SWIFT_STANDARD_LIBRARIES = YES;
				CODE_SIGN_STYLE = Automatic;
				CURRENT_PROJECT_VERSION = 1;
				GENERATE_INFOPLIST_FILE = YES;
				MARKETING_VERSION = 1.0;
				PRODUCT_BUNDLE_IDENTIFIER = something.BookwormUITests;
				PRODUCT_NAME = "$(TARGET_NAME)";
				SWIFT_EMIT_LOC_STRINGS = NO;
				SWIFT_VERSION = 5.0;
				TARGETED_DEVICE_FAMILY = "1,2";
				TEST_TARGET_NAME = Bookworm;
			};
			name = Release;
		};
/* End XCBuildConfiguration section */

/* Begin XCConfigurationList section */
		4922E7E32ADF266D005BF1DF /* Build configuration list for PBXProject "Bookworm" */ = {
			isa = XCConfigurationList;
			buildConfigurations = (
				4922E80A2ADF266E005BF1DF /* Debug */,
				4922E80B2ADF266E005BF1DF /* Release */,
			);
			defaultConfigurationIsVisible = 0;
			defaultConfigurationName = Release;
		};
		4922E80C2ADF266E005BF1DF /* Build configuration list for PBXNativeTarget "Bookworm" */ = {
			isa = XCConfigurationList;
			buildConfigurations = (
				4922E80D2ADF266E005BF1DF /* Debug */,
				4922E80E2ADF266E005BF1DF /* Release */,
			);
			defaultConfigurationIsVisible = 0;
			defaultConfigurationName = Release;
		};
		4922E80F2ADF266E005BF1DF /* Build configuration list for PBXNativeTarget "BookwormTests" */ = {
			isa = XCConfigurationList;
			buildConfigurations = (
				4922E8102ADF266E005BF1DF /* Debug */,
				4922E8112ADF266E005BF1DF /* Release */,
			);
			defaultConfigurationIsVisible = 0;
			defaultConfigurationName = Release;
		};
		4922E8122ADF266E005BF1DF /* Build configuration list for PBXNativeTarget "BookwormUITests" */ = {
			isa = XCConfigurationList;
			buildConfigurations = (
				4922E8132ADF266E005BF1DF /* Debug */,
				4922E8142ADF266E005BF1DF /* Release */,
			);
			defaultConfigurationIsVisible = 0;
			defaultConfigurationName = Release;
		};
/* End XCConfigurationList section */

/* Begin XCVersionGroup section */
		4922E8172ADF29EC005BF1DF /* Bookworm.xcdatamodeld */ = {
			isa = XCVersionGroup;
			children = (
				4922E8182ADF29EC005BF1DF /* Bookworm.xcdatamodel */,
			);
			currentVersion = 4922E8182ADF29EC005BF1DF /* Bookworm.xcdatamodel */;
			path = Bookworm.xcdatamodeld;
			sourceTree = "<group>";
			versionGroupType = wrapper.xcdatamodel;
		};
/* End XCVersionGroup section */
	};
	rootObject = 4922E7E02ADF266D005BF1DF /* Project object */;
}
