// !$*UTF8*$!
{
	archiveVersion = 1;
	classes = {
	};
	objectVersion = 56;
	objects = {

/* Begin PBXBuildFile section */
		498AF7F62B1FC8B9009C9742 /* MemoApp.swift in Sources */ = {isa = PBXBuildFile; fileRef = 498AF7F52B1FC8B9009C9742 /* MemoApp.swift */; };
		498AF7F82B1FC8B9009C9742 /* ContentView.swift in Sources */ = {isa = PBXBuildFile; fileRef = 498AF7F72B1FC8B9009C9742 /* ContentView.swift */; };
		498AF7FA2B1FC8BA009C9742 /* Assets.xcassets in Resources */ = {isa = PBXBuildFile; fileRef = 498AF7F92B1FC8BA009C9742 /* Assets.xcassets */; };
		498AF7FD2B1FC8BA009C9742 /* Preview Assets.xcassets in Resources */ = {isa = PBXBuildFile; fileRef = 498AF7FC2B1FC8BA009C9742 /* Preview Assets.xcassets */; };
		498AF8072B1FC8BA009C9742 /* MemoTests.swift in Sources */ = {isa = PBXBuildFile; fileRef = 498AF8062B1FC8BA009C9742 /* MemoTests.swift */; };
		498AF8112B1FC8BA009C9742 /* MemoUITests.swift in Sources */ = {isa = PBXBuildFile; fileRef = 498AF8102B1FC8BA009C9742 /* MemoUITests.swift */; };
		498AF8132B1FC8BA009C9742 /* MemoUITestsLaunchTests.swift in Sources */ = {isa = PBXBuildFile; fileRef = 498AF8122B1FC8BA009C9742 /* MemoUITestsLaunchTests.swift */; };
		498AF8202B1FC8FD009C9742 /* ImagePicker.swift in Sources */ = {isa = PBXBuildFile; fileRef = 498AF81F2B1FC8FD009C9742 /* ImagePicker.swift */; };
		498AF8222B1FCC43009C9742 /* FileManager-DocumentsDirectory.swift in Sources */ = {isa = PBXBuildFile; fileRef = 498AF8212B1FCC43009C9742 /* FileManager-DocumentsDirectory.swift */; };
		498AF8242B1FCC59009C9742 /* ContentView-ViewModel.swift in Sources */ = {isa = PBXBuildFile; fileRef = 498AF8232B1FCC59009C9742 /* ContentView-ViewModel.swift */; };
		498AF8262B1FCE49009C9742 /* EditView.swift in Sources */ = {isa = PBXBuildFile; fileRef = 498AF8252B1FCE49009C9742 /* EditView.swift */; };
/* End PBXBuildFile section */

/* Begin PBXContainerItemProxy section */
		498AF8032B1FC8BA009C9742 /* PBXContainerItemProxy */ = {
			isa = PBXContainerItemProxy;
			containerPortal = 498AF7EA2B1FC8B9009C9742 /* Project object */;
			proxyType = 1;
			remoteGlobalIDString = 498AF7F12B1FC8B9009C9742;
			remoteInfo = Memo;
		};
		498AF80D2B1FC8BA009C9742 /* PBXContainerItemProxy */ = {
			isa = PBXContainerItemProxy;
			containerPortal = 498AF7EA2B1FC8B9009C9742 /* Project object */;
			proxyType = 1;
			remoteGlobalIDString = 498AF7F12B1FC8B9009C9742;
			remoteInfo = Memo;
		};
/* End PBXContainerItemProxy section */

/* Begin PBXFileReference section */
		498AF7F22B1FC8B9009C9742 /* Memo.app */ = {isa = PBXFileReference; explicitFileType = wrapper.application; includeInIndex = 0; path = Memo.app; sourceTree = BUILT_PRODUCTS_DIR; };
		498AF7F52B1FC8B9009C9742 /* MemoApp.swift */ = {isa = PBXFileReference; lastKnownFileType = sourcecode.swift; path = MemoApp.swift; sourceTree = "<group>"; };
		498AF7F72B1FC8B9009C9742 /* ContentView.swift */ = {isa = PBXFileReference; lastKnownFileType = sourcecode.swift; path = ContentView.swift; sourceTree = "<group>"; };
		498AF7F92B1FC8BA009C9742 /* Assets.xcassets */ = {isa = PBXFileReference; lastKnownFileType = folder.assetcatalog; path = Assets.xcassets; sourceTree = "<group>"; };
		498AF7FC2B1FC8BA009C9742 /* Preview Assets.xcassets */ = {isa = PBXFileReference; lastKnownFileType = folder.assetcatalog; path = "Preview Assets.xcassets"; sourceTree = "<group>"; };
		498AF8022B1FC8BA009C9742 /* MemoTests.xctest */ = {isa = PBXFileReference; explicitFileType = wrapper.cfbundle; includeInIndex = 0; path = MemoTests.xctest; sourceTree = BUILT_PRODUCTS_DIR; };
		498AF8062B1FC8BA009C9742 /* MemoTests.swift */ = {isa = PBXFileReference; lastKnownFileType = sourcecode.swift; path = MemoTests.swift; sourceTree = "<group>"; };
		498AF80C2B1FC8BA009C9742 /* MemoUITests.xctest */ = {isa = PBXFileReference; explicitFileType = wrapper.cfbundle; includeInIndex = 0; path = MemoUITests.xctest; sourceTree = BUILT_PRODUCTS_DIR; };
		498AF8102B1FC8BA009C9742 /* MemoUITests.swift */ = {isa = PBXFileReference; lastKnownFileType = sourcecode.swift; path = MemoUITests.swift; sourceTree = "<group>"; };
		498AF8122B1FC8BA009C9742 /* MemoUITestsLaunchTests.swift */ = {isa = PBXFileReference; lastKnownFileType = sourcecode.swift; path = MemoUITestsLaunchTests.swift; sourceTree = "<group>"; };
		498AF81F2B1FC8FD009C9742 /* ImagePicker.swift */ = {isa = PBXFileReference; lastKnownFileType = sourcecode.swift; path = ImagePicker.swift; sourceTree = "<group>"; };
		498AF8212B1FCC43009C9742 /* FileManager-DocumentsDirectory.swift */ = {isa = PBXFileReference; lastKnownFileType = sourcecode.swift; path = "FileManager-DocumentsDirectory.swift"; sourceTree = "<group>"; };
		498AF8232B1FCC59009C9742 /* ContentView-ViewModel.swift */ = {isa = PBXFileReference; lastKnownFileType = sourcecode.swift; path = "ContentView-ViewModel.swift"; sourceTree = "<group>"; };
		498AF8252B1FCE49009C9742 /* EditView.swift */ = {isa = PBXFileReference; lastKnownFileType = sourcecode.swift; path = EditView.swift; sourceTree = "<group>"; };
/* End PBXFileReference section */

/* Begin PBXFrameworksBuildPhase section */
		498AF7EF2B1FC8B9009C9742 /* Frameworks */ = {
			isa = PBXFrameworksBuildPhase;
			buildActionMask = 2147483647;
			files = (
			);
			runOnlyForDeploymentPostprocessing = 0;
		};
		498AF7FF2B1FC8BA009C9742 /* Frameworks */ = {
			isa = PBXFrameworksBuildPhase;
			buildActionMask = 2147483647;
			files = (
			);
			runOnlyForDeploymentPostprocessing = 0;
		};
		498AF8092B1FC8BA009C9742 /* Frameworks */ = {
			isa = PBXFrameworksBuildPhase;
			buildActionMask = 2147483647;
			files = (
			);
			runOnlyForDeploymentPostprocessing = 0;
		};
/* End PBXFrameworksBuildPhase section */

/* Begin PBXGroup section */
		498AF7E92B1FC8B9009C9742 = {
			isa = PBXGroup;
			children = (
				498AF7F42B1FC8B9009C9742 /* Memo */,
				498AF8052B1FC8BA009C9742 /* MemoTests */,
				498AF80F2B1FC8BA009C9742 /* MemoUITests */,
				498AF7F32B1FC8B9009C9742 /* Products */,
			);
			sourceTree = "<group>";
		};
		498AF7F32B1FC8B9009C9742 /* Products */ = {
			isa = PBXGroup;
			children = (
				498AF7F22B1FC8B9009C9742 /* Memo.app */,
				498AF8022B1FC8BA009C9742 /* MemoTests.xctest */,
				498AF80C2B1FC8BA009C9742 /* MemoUITests.xctest */,
			);
			name = Products;
			sourceTree = "<group>";
		};
		498AF7F42B1FC8B9009C9742 /* Memo */ = {
			isa = PBXGroup;
			children = (
				498AF7F52B1FC8B9009C9742 /* MemoApp.swift */,
				498AF7F72B1FC8B9009C9742 /* ContentView.swift */,
				498AF7F92B1FC8BA009C9742 /* Assets.xcassets */,
				498AF7FB2B1FC8BA009C9742 /* Preview Content */,
				498AF81F2B1FC8FD009C9742 /* ImagePicker.swift */,
				498AF8212B1FCC43009C9742 /* FileManager-DocumentsDirectory.swift */,
				498AF8232B1FCC59009C9742 /* ContentView-ViewModel.swift */,
				498AF8252B1FCE49009C9742 /* EditView.swift */,
			);
			path = Memo;
			sourceTree = "<group>";
		};
		498AF7FB2B1FC8BA009C9742 /* Preview Content */ = {
			isa = PBXGroup;
			children = (
				498AF7FC2B1FC8BA009C9742 /* Preview Assets.xcassets */,
			);
			path = "Preview Content";
			sourceTree = "<group>";
		};
		498AF8052B1FC8BA009C9742 /* MemoTests */ = {
			isa = PBXGroup;
			children = (
				498AF8062B1FC8BA009C9742 /* MemoTests.swift */,
			);
			path = MemoTests;
			sourceTree = "<group>";
		};
		498AF80F2B1FC8BA009C9742 /* MemoUITests */ = {
			isa = PBXGroup;
			children = (
				498AF8102B1FC8BA009C9742 /* MemoUITests.swift */,
				498AF8122B1FC8BA009C9742 /* MemoUITestsLaunchTests.swift */,
			);
			path = MemoUITests;
			sourceTree = "<group>";
		};
/* End PBXGroup section */

/* Begin PBXNativeTarget section */
		498AF7F12B1FC8B9009C9742 /* Memo */ = {
			isa = PBXNativeTarget;
			buildConfigurationList = 498AF8162B1FC8BA009C9742 /* Build configuration list for PBXNativeTarget "Memo" */;
			buildPhases = (
				498AF7EE2B1FC8B9009C9742 /* Sources */,
				498AF7EF2B1FC8B9009C9742 /* Frameworks */,
				498AF7F02B1FC8B9009C9742 /* Resources */,
			);
			buildRules = (
			);
			dependencies = (
			);
			name = Memo;
			productName = Memo;
			productReference = 498AF7F22B1FC8B9009C9742 /* Memo.app */;
			productType = "com.apple.product-type.application";
		};
		498AF8012B1FC8BA009C9742 /* MemoTests */ = {
			isa = PBXNativeTarget;
			buildConfigurationList = 498AF8192B1FC8BA009C9742 /* Build configuration list for PBXNativeTarget "MemoTests" */;
			buildPhases = (
				498AF7FE2B1FC8BA009C9742 /* Sources */,
				498AF7FF2B1FC8BA009C9742 /* Frameworks */,
				498AF8002B1FC8BA009C9742 /* Resources */,
			);
			buildRules = (
			);
			dependencies = (
				498AF8042B1FC8BA009C9742 /* PBXTargetDependency */,
			);
			name = MemoTests;
			productName = MemoTests;
			productReference = 498AF8022B1FC8BA009C9742 /* MemoTests.xctest */;
			productType = "com.apple.product-type.bundle.unit-test";
		};
		498AF80B2B1FC8BA009C9742 /* MemoUITests */ = {
			isa = PBXNativeTarget;
			buildConfigurationList = 498AF81C2B1FC8BA009C9742 /* Build configuration list for PBXNativeTarget "MemoUITests" */;
			buildPhases = (
				498AF8082B1FC8BA009C9742 /* Sources */,
				498AF8092B1FC8BA009C9742 /* Frameworks */,
				498AF80A2B1FC8BA009C9742 /* Resources */,
			);
			buildRules = (
			);
			dependencies = (
				498AF80E2B1FC8BA009C9742 /* PBXTargetDependency */,
			);
			name = MemoUITests;
			productName = MemoUITests;
			productReference = 498AF80C2B1FC8BA009C9742 /* MemoUITests.xctest */;
			productType = "com.apple.product-type.bundle.ui-testing";
		};
/* End PBXNativeTarget section */

/* Begin PBXProject section */
		498AF7EA2B1FC8B9009C9742 /* Project object */ = {
			isa = PBXProject;
			attributes = {
				BuildIndependentTargetsInParallel = 1;
				LastSwiftUpdateCheck = 1500;
				LastUpgradeCheck = 1500;
				TargetAttributes = {
					498AF7F12B1FC8B9009C9742 = {
						CreatedOnToolsVersion = 15.0.1;
					};
					498AF8012B1FC8BA009C9742 = {
						CreatedOnToolsVersion = 15.0.1;
						TestTargetID = 498AF7F12B1FC8B9009C9742;
					};
					498AF80B2B1FC8BA009C9742 = {
						CreatedOnToolsVersion = 15.0.1;
						TestTargetID = 498AF7F12B1FC8B9009C9742;
					};
				};
			};
			buildConfigurationList = 498AF7ED2B1FC8B9009C9742 /* Build configuration list for PBXProject "Memo" */;
			compatibilityVersion = "Xcode 14.0";
			developmentRegion = en;
			hasScannedForEncodings = 0;
			knownRegions = (
				en,
				Base,
			);
			mainGroup = 498AF7E92B1FC8B9009C9742;
			productRefGroup = 498AF7F32B1FC8B9009C9742 /* Products */;
			projectDirPath = "";
			projectRoot = "";
			targets = (
				498AF7F12B1FC8B9009C9742 /* Memo */,
				498AF8012B1FC8BA009C9742 /* MemoTests */,
				498AF80B2B1FC8BA009C9742 /* MemoUITests */,
			);
		};
/* End PBXProject section */

/* Begin PBXResourcesBuildPhase section */
		498AF7F02B1FC8B9009C9742 /* Resources */ = {
			isa = PBXResourcesBuildPhase;
			buildActionMask = 2147483647;
			files = (
				498AF7FD2B1FC8BA009C9742 /* Preview Assets.xcassets in Resources */,
				498AF7FA2B1FC8BA009C9742 /* Assets.xcassets in Resources */,
			);
			runOnlyForDeploymentPostprocessing = 0;
		};
		498AF8002B1FC8BA009C9742 /* Resources */ = {
			isa = PBXResourcesBuildPhase;
			buildActionMask = 2147483647;
			files = (
			);
			runOnlyForDeploymentPostprocessing = 0;
		};
		498AF80A2B1FC8BA009C9742 /* Resources */ = {
			isa = PBXResourcesBuildPhase;
			buildActionMask = 2147483647;
			files = (
			);
			runOnlyForDeploymentPostprocessing = 0;
		};
/* End PBXResourcesBuildPhase section */

/* Begin PBXSourcesBuildPhase section */
		498AF7EE2B1FC8B9009C9742 /* Sources */ = {
			isa = PBXSourcesBuildPhase;
			buildActionMask = 2147483647;
			files = (
				498AF8202B1FC8FD009C9742 /* ImagePicker.swift in Sources */,
				498AF7F82B1FC8B9009C9742 /* ContentView.swift in Sources */,
				498AF8262B1FCE49009C9742 /* EditView.swift in Sources */,
				498AF8242B1FCC59009C9742 /* ContentView-ViewModel.swift in Sources */,
				498AF8222B1FCC43009C9742 /* FileManager-DocumentsDirectory.swift in Sources */,
				498AF7F62B1FC8B9009C9742 /* MemoApp.swift in Sources */,
			);
			runOnlyForDeploymentPostprocessing = 0;
		};
		498AF7FE2B1FC8BA009C9742 /* Sources */ = {
			isa = PBXSourcesBuildPhase;
			buildActionMask = 2147483647;
			files = (
				498AF8072B1FC8BA009C9742 /* MemoTests.swift in Sources */,
			);
			runOnlyForDeploymentPostprocessing = 0;
		};
		498AF8082B1FC8BA009C9742 /* Sources */ = {
			isa = PBXSourcesBuildPhase;
			buildActionMask = 2147483647;
			files = (
				498AF8132B1FC8BA009C9742 /* MemoUITestsLaunchTests.swift in Sources */,
				498AF8112B1FC8BA009C9742 /* MemoUITests.swift in Sources */,
			);
			runOnlyForDeploymentPostprocessing = 0;
		};
/* End PBXSourcesBuildPhase section */

/* Begin PBXTargetDependency section */
		498AF8042B1FC8BA009C9742 /* PBXTargetDependency */ = {
			isa = PBXTargetDependency;
			target = 498AF7F12B1FC8B9009C9742 /* Memo */;
			targetProxy = 498AF8032B1FC8BA009C9742 /* PBXContainerItemProxy */;
		};
		498AF80E2B1FC8BA009C9742 /* PBXTargetDependency */ = {
			isa = PBXTargetDependency;
			target = 498AF7F12B1FC8B9009C9742 /* Memo */;
			targetProxy = 498AF80D2B1FC8BA009C9742 /* PBXContainerItemProxy */;
		};
/* End PBXTargetDependency section */

/* Begin XCBuildConfiguration section */
		498AF8142B1FC8BA009C9742 /* Debug */ = {
			isa = XCBuildConfiguration;
			buildSettings = {
				ALWAYS_SEARCH_USER_PATHS = NO;
				ASSETCATALOG_COMPILER_GENERATE_SWIFT_ASSET_SYMBOL_EXTENSIONS = YES;
				CLANG_ANALYZER_NONNULL = YES;
				CLANG_ANALYZER_NUMBER_OBJECT_CONVERSION = YES_AGGRESSIVE;
				CLANG_CXX_LANGUAGE_STANDARD = "gnu++20";
				CLANG_ENABLE_MODULES = YES;
				CLANG_ENABLE_OBJC_ARC = YES;
				CLANG_ENABLE_OBJC_WEAK = YES;
				CLANG_WARN_BLOCK_CAPTURE_AUTORELEASING = YES;
				CLANG_WARN_BOOL_CONVERSION = YES;
				CLANG_WARN_COMMA = YES;
				CLANG_WARN_CONSTANT_CONVERSION = YES;
				CLANG_WARN_DEPRECATED_OBJC_IMPLEMENTATIONS = YES;
				CLANG_WARN_DIRECT_OBJC_ISA_USAGE = YES_ERROR;
				CLANG_WARN_DOCUMENTATION_COMMENTS = YES;
				CLANG_WARN_EMPTY_BODY = YES;
				CLANG_WARN_ENUM_CONVERSION = YES;
				CLANG_WARN_INFINITE_RECURSION = YES;
				CLANG_WARN_INT_CONVERSION = YES;
				CLANG_WARN_NON_LITERAL_NULL_CONVERSION = YES;
				CLANG_WARN_OBJC_IMPLICIT_RETAIN_SELF = YES;
				CLANG_WARN_OBJC_LITERAL_CONVERSION = YES;
				CLANG_WARN_OBJC_ROOT_CLASS = YES_ERROR;
				CLANG_WARN_QUOTED_INCLUDE_IN_FRAMEWORK_HEADER = YES;
				CLANG_WARN_RANGE_LOOP_ANALYSIS = YES;
				CLANG_WARN_STRICT_PROTOTYPES = YES;
				CLANG_WARN_SUSPICIOUS_MOVE = YES;
				CLANG_WARN_UNGUARDED_AVAILABILITY = YES_AGGRESSIVE;
				CLANG_WARN_UNREACHABLE_CODE = YES;
				CLANG_WARN__DUPLICATE_METHOD_MATCH = YES;
				COPY_PHASE_STRIP = NO;
				DEBUG_INFORMATION_FORMAT = dwarf;
				ENABLE_STRICT_OBJC_MSGSEND = YES;
				ENABLE_TESTABILITY = YES;
				ENABLE_USER_SCRIPT_SANDBOXING = YES;
				GCC_C_LANGUAGE_STANDARD = gnu17;
				GCC_DYNAMIC_NO_PIC = NO;
				GCC_NO_COMMON_BLOCKS = YES;
				GCC_OPTIMIZATION_LEVEL = 0;
				GCC_PREPROCESSOR_DEFINITIONS = (
					"DEBUG=1",
					"$(inherited)",
				);
				GCC_WARN_64_TO_32_BIT_CONVERSION = YES;
				GCC_WARN_ABOUT_RETURN_TYPE = YES_ERROR;
				GCC_WARN_UNDECLARED_SELECTOR = YES;
				GCC_WARN_UNINITIALIZED_AUTOS = YES_AGGRESSIVE;
				GCC_WARN_UNUSED_FUNCTION = YES;
				GCC_WARN_UNUSED_VARIABLE = YES;
				IPHONEOS_DEPLOYMENT_TARGET = 17.0;
				LOCALIZATION_PREFERS_STRING_CATALOGS = YES;
				MTL_ENABLE_DEBUG_INFO = INCLUDE_SOURCE;
				MTL_FAST_MATH = YES;
				ONLY_ACTIVE_ARCH = YES;
				SDKROOT = iphoneos;
				SWIFT_ACTIVE_COMPILATION_CONDITIONS = "DEBUG $(inherited)";
				SWIFT_OPTIMIZATION_LEVEL = "-Onone";
			};
			name = Debug;
		};
		498AF8152B1FC8BA009C9742 /* Release */ = {
			isa = XCBuildConfiguration;
			buildSettings = {
				ALWAYS_SEARCH_USER_PATHS = NO;
				ASSETCATALOG_COMPILER_GENERATE_SWIFT_ASSET_SYMBOL_EXTENSIONS = YES;
				CLANG_ANALYZER_NONNULL = YES;
				CLANG_ANALYZER_NUMBER_OBJECT_CONVERSION = YES_AGGRESSIVE;
				CLANG_CXX_LANGUAGE_STANDARD = "gnu++20";
				CLANG_ENABLE_MODULES = YES;
				CLANG_ENABLE_OBJC_ARC = YES;
				CLANG_ENABLE_OBJC_WEAK = YES;
				CLANG_WARN_BLOCK_CAPTURE_AUTORELEASING = YES;
				CLANG_WARN_BOOL_CONVERSION = YES;
				CLANG_WARN_COMMA = YES;
				CLANG_WARN_CONSTANT_CONVERSION = YES;
				CLANG_WARN_DEPRECATED_OBJC_IMPLEMENTATIONS = YES;
				CLANG_WARN_DIRECT_OBJC_ISA_USAGE = YES_ERROR;
				CLANG_WARN_DOCUMENTATION_COMMENTS = YES;
				CLANG_WARN_EMPTY_BODY = YES;
				CLANG_WARN_ENUM_CONVERSION = YES;
				CLANG_WARN_INFINITE_RECURSION = YES;
				CLANG_WARN_INT_CONVERSION = YES;
				CLANG_WARN_NON_LITERAL_NULL_CONVERSION = YES;
				CLANG_WARN_OBJC_IMPLICIT_RETAIN_SELF = YES;
				CLANG_WARN_OBJC_LITERAL_CONVERSION = YES;
				CLANG_WARN_OBJC_ROOT_CLASS = YES_ERROR;
				CLANG_WARN_QUOTED_INCLUDE_IN_FRAMEWORK_HEADER = YES;
				CLANG_WARN_RANGE_LOOP_ANALYSIS = YES;
				CLANG_WARN_STRICT_PROTOTYPES = YES;
				CLANG_WARN_SUSPICIOUS_MOVE = YES;
				CLANG_WARN_UNGUARDED_AVAILABILITY = YES_AGGRESSIVE;
				CLANG_WARN_UNREACHABLE_CODE = YES;
				CLANG_WARN__DUPLICATE_METHOD_MATCH = YES;
				COPY_PHASE_STRIP = NO;
				DEBUG_INFORMATION_FORMAT = "dwarf-with-dsym";
				ENABLE_NS_ASSERTIONS = NO;
				ENABLE_STRICT_OBJC_MSGSEND = YES;
				ENABLE_USER_SCRIPT_SANDBOXING = YES;
				GCC_C_LANGUAGE_STANDARD = gnu17;
				GCC_NO_COMMON_BLOCKS = YES;
				GCC_WARN_64_TO_32_BIT_CONVERSION = YES;
				GCC_WARN_ABOUT_RETURN_TYPE = YES_ERROR;
				GCC_WARN_UNDECLARED_SELECTOR = YES;
				GCC_WARN_UNINITIALIZED_AUTOS = YES_AGGRESSIVE;
				GCC_WARN_UNUSED_FUNCTION = YES;
				GCC_WARN_UNUSED_VARIABLE = YES;
				IPHONEOS_DEPLOYMENT_TARGET = 17.0;
				LOCALIZATION_PREFERS_STRING_CATALOGS = YES;
				MTL_ENABLE_DEBUG_INFO = NO;
				MTL_FAST_MATH = YES;
				SDKROOT = iphoneos;
				SWIFT_COMPILATION_MODE = wholemodule;
				VALIDATE_PRODUCT = YES;
			};
			name = Release;
		};
		498AF8172B1FC8BA009C9742 /* Debug */ = {
			isa = XCBuildConfiguration;
			buildSettings = {
				ASSETCATALOG_COMPILER_APPICON_NAME = AppIcon;
				ASSETCATALOG_COMPILER_GLOBAL_ACCENT_COLOR_NAME = AccentColor;
				CODE_SIGN_STYLE = Automatic;
				CURRENT_PROJECT_VERSION = 1;
				DEVELOPMENT_ASSET_PATHS = "\"Memo/Preview Content\"";
				ENABLE_PREVIEWS = YES;
				GENERATE_INFOPLIST_FILE = YES;
				INFOPLIST_KEY_NSPhotoLibraryAddUsageDescription = "Want you to help remember objects from your photos";
				INFOPLIST_KEY_UIApplicationSceneManifest_Generation = YES;
				INFOPLIST_KEY_UIApplicationSupportsIndirectInputEvents = YES;
				INFOPLIST_KEY_UILaunchScreen_Generation = YES;
				INFOPLIST_KEY_UISupportedInterfaceOrientations_iPad = "UIInterfaceOrientationPortrait UIInterfaceOrientationPortraitUpsideDown UIInterfaceOrientationLandscapeLeft UIInterfaceOrientationLandscapeRight";
				INFOPLIST_KEY_UISupportedInterfaceOrientations_iPhone = "UIInterfaceOrientationPortrait UIInterfaceOrientationLandscapeLeft UIInterfaceOrientationLandscapeRight";
				LD_RUNPATH_SEARCH_PATHS = (
					"$(inherited)",
					"@executable_path/Frameworks",
				);
				MARKETING_VERSION = 1.0;
				PRODUCT_BUNDLE_IDENTIFIER = something.Memo;
				PRODUCT_NAME = "$(TARGET_NAME)";
				SWIFT_EMIT_LOC_STRINGS = YES;
				SWIFT_VERSION = 5.0;
				TARGETED_DEVICE_FAMILY = "1,2";
			};
			name = Debug;
		};
		498AF8182B1FC8BA009C9742 /* Release */ = {
			isa = XCBuildConfiguration;
			buildSettings = {
				ASSETCATALOG_COMPILER_APPICON_NAME = AppIcon;
				ASSETCATALOG_COMPILER_GLOBAL_ACCENT_COLOR_NAME = AccentColor;
				CODE_SIGN_STYLE = Automatic;
				CURRENT_PROJECT_VERSION = 1;
				DEVELOPMENT_ASSET_PATHS = "\"Memo/Preview Content\"";
				ENABLE_PREVIEWS = YES;
				GENERATE_INFOPLIST_FILE = YES;
				INFOPLIST_KEY_NSPhotoLibraryAddUsageDescription = "Want you to help remember objects from your photos";
				INFOPLIST_KEY_UIApplicationSceneManifest_Generation = YES;
				INFOPLIST_KEY_UIApplicationSupportsIndirectInputEvents = YES;
				INFOPLIST_KEY_UILaunchScreen_Generation = YES;
				INFOPLIST_KEY_UISupportedInterfaceOrientations_iPad = "UIInterfaceOrientationPortrait UIInterfaceOrientationPortraitUpsideDown UIInterfaceOrientationLandscapeLeft UIInterfaceOrientationLandscapeRight";
				INFOPLIST_KEY_UISupportedInterfaceOrientations_iPhone = "UIInterfaceOrientationPortrait UIInterfaceOrientationLandscapeLeft UIInterfaceOrientationLandscapeRight";
				LD_RUNPATH_SEARCH_PATHS = (
					"$(inherited)",
					"@executable_path/Frameworks",
				);
				MARKETING_VERSION = 1.0;
				PRODUCT_BUNDLE_IDENTIFIER = something.Memo;
				PRODUCT_NAME = "$(TARGET_NAME)";
				SWIFT_EMIT_LOC_STRINGS = YES;
				SWIFT_VERSION = 5.0;
				TARGETED_DEVICE_FAMILY = "1,2";
			};
			name = Release;
		};
		498AF81A2B1FC8BA009C9742 /* Debug */ = {
			isa = XCBuildConfiguration;
			buildSettings = {
				ALWAYS_EMBED_SWIFT_STANDARD_LIBRARIES = YES;
				BUNDLE_LOADER = "$(TEST_HOST)";
				CODE_SIGN_STYLE = Automatic;
				CURRENT_PROJECT_VERSION = 1;
				GENERATE_INFOPLIST_FILE = YES;
				IPHONEOS_DEPLOYMENT_TARGET = 17.0;
				MARKETING_VERSION = 1.0;
				PRODUCT_BUNDLE_IDENTIFIER = something.MemoTests;
				PRODUCT_NAME = "$(TARGET_NAME)";
				SWIFT_EMIT_LOC_STRINGS = NO;
				SWIFT_VERSION = 5.0;
				TARGETED_DEVICE_FAMILY = "1,2";
				TEST_HOST = "$(BUILT_PRODUCTS_DIR)/Memo.app/$(BUNDLE_EXECUTABLE_FOLDER_PATH)/Memo";
			};
			name = Debug;
		};
		498AF81B2B1FC8BA009C9742 /* Release */ = {
			isa = XCBuildConfiguration;
			buildSettings = {
				ALWAYS_EMBED_SWIFT_STANDARD_LIBRARIES = YES;
				BUNDLE_LOADER = "$(TEST_HOST)";
				CODE_SIGN_STYLE = Automatic;
				CURRENT_PROJECT_VERSION = 1;
				GENERATE_INFOPLIST_FILE = YES;
				IPHONEOS_DEPLOYMENT_TARGET = 17.0;
				MARKETING_VERSION = 1.0;
				PRODUCT_BUNDLE_IDENTIFIER = something.MemoTests;
				PRODUCT_NAME = "$(TARGET_NAME)";
				SWIFT_EMIT_LOC_STRINGS = NO;
				SWIFT_VERSION = 5.0;
				TARGETED_DEVICE_FAMILY = "1,2";
				TEST_HOST = "$(BUILT_PRODUCTS_DIR)/Memo.app/$(BUNDLE_EXECUTABLE_FOLDER_PATH)/Memo";
			};
			name = Release;
		};
		498AF81D2B1FC8BA009C9742 /* Debug */ = {
			isa = XCBuildConfiguration;
			buildSettings = {
				ALWAYS_EMBED_SWIFT_STANDARD_LIBRARIES = YES;
				CODE_SIGN_STYLE = Automatic;
				CURRENT_PROJECT_VERSION = 1;
				GENERATE_INFOPLIST_FILE = YES;
				MARKETING_VERSION = 1.0;
				PRODUCT_BUNDLE_IDENTIFIER = something.MemoUITests;
				PRODUCT_NAME = "$(TARGET_NAME)";
				SWIFT_EMIT_LOC_STRINGS = NO;
				SWIFT_VERSION = 5.0;
				TARGETED_DEVICE_FAMILY = "1,2";
				TEST_TARGET_NAME = Memo;
			};
			name = Debug;
		};
		498AF81E2B1FC8BA009C9742 /* Release */ = {
			isa = XCBuildConfiguration;
			buildSettings = {
				ALWAYS_EMBED_SWIFT_STANDARD_LIBRARIES = YES;
				CODE_SIGN_STYLE = Automatic;
				CURRENT_PROJECT_VERSION = 1;
				GENERATE_INFOPLIST_FILE = YES;
				MARKETING_VERSION = 1.0;
				PRODUCT_BUNDLE_IDENTIFIER = something.MemoUITests;
				PRODUCT_NAME = "$(TARGET_NAME)";
				SWIFT_EMIT_LOC_STRINGS = NO;
				SWIFT_VERSION = 5.0;
				TARGETED_DEVICE_FAMILY = "1,2";
				TEST_TARGET_NAME = Memo;
			};
			name = Release;
		};
/* End XCBuildConfiguration section */

/* Begin XCConfigurationList section */
		498AF7ED2B1FC8B9009C9742 /* Build configuration list for PBXProject "Memo" */ = {
			isa = XCConfigurationList;
			buildConfigurations = (
				498AF8142B1FC8BA009C9742 /* Debug */,
				498AF8152B1FC8BA009C9742 /* Release */,
			);
			defaultConfigurationIsVisible = 0;
			defaultConfigurationName = Release;
		};
		498AF8162B1FC8BA009C9742 /* Build configuration list for PBXNativeTarget "Memo" */ = {
			isa = XCConfigurationList;
			buildConfigurations = (
				498AF8172B1FC8BA009C9742 /* Debug */,
				498AF8182B1FC8BA009C9742 /* Release */,
			);
			defaultConfigurationIsVisible = 0;
			defaultConfigurationName = Release;
		};
		498AF8192B1FC8BA009C9742 /* Build configuration list for PBXNativeTarget "MemoTests" */ = {
			isa = XCConfigurationList;
			buildConfigurations = (
				498AF81A2B1FC8BA009C9742 /* Debug */,
				498AF81B2B1FC8BA009C9742 /* Release */,
			);
			defaultConfigurationIsVisible = 0;
			defaultConfigurationName = Release;
		};
		498AF81C2B1FC8BA009C9742 /* Build configuration list for PBXNativeTarget "MemoUITests" */ = {
			isa = XCConfigurationList;
			buildConfigurations = (
				498AF81D2B1FC8BA009C9742 /* Debug */,
				498AF81E2B1FC8BA009C9742 /* Release */,
			);
			defaultConfigurationIsVisible = 0;
			defaultConfigurationName = Release;
		};
/* End XCConfigurationList section */
	};
	rootObject = 498AF7EA2B1FC8B9009C9742 /* Project object */;
}
