// !$*UTF8*$!
{
	archiveVersion = 1;
	classes = {
	};
	objectVersion = 56;
	objects = {

/* Begin PBXBuildFile section */
		4922CCEF2B2A330F00F6BEB1 /* ProspectsView.swift in Sources */ = {isa = PBXBuildFile; fileRef = 4922CCEE2B2A330F00F6BEB1 /* ProspectsView.swift */; };
		4922CCF12B2A331600F6BEB1 /* MeView.swift in Sources */ = {isa = PBXBuildFile; fileRef = 4922CCF02B2A331600F6BEB1 /* MeView.swift */; };
		4922CCF32B2A351B00F6BEB1 /* Prospect.swift in Sources */ = {isa = PBXBuildFile; fileRef = 4922CCF22B2A351B00F6BEB1 /* Prospect.swift */; };
		4922CCFC2B2BB88500F6BEB1 /* CodeScanner in Frameworks */ = {isa = PBXBuildFile; productRef = 4922CCFB2B2BB88500F6BEB1 /* CodeScanner */; };
		4922E29D2B225F30003DE6E3 /* HotProspectsApp.swift in Sources */ = {isa = PBXBuildFile; fileRef = 4922E29C2B225F30003DE6E3 /* HotProspectsApp.swift */; };
		4922E29F2B225F30003DE6E3 /* ContentView.swift in Sources */ = {isa = PBXBuildFile; fileRef = 4922E29E2B225F30003DE6E3 /* ContentView.swift */; };
		4922E2A12B225F30003DE6E3 /* Assets.xcassets in Resources */ = {isa = PBXBuildFile; fileRef = 4922E2A02B225F30003DE6E3 /* Assets.xcassets */; };
		4922E2A42B225F30003DE6E3 /* Preview Assets.xcassets in Resources */ = {isa = PBXBuildFile; fileRef = 4922E2A32B225F30003DE6E3 /* Preview Assets.xcassets */; };
		4922E2AE2B225F31003DE6E3 /* HotProspectsTests.swift in Sources */ = {isa = PBXBuildFile; fileRef = 4922E2AD2B225F31003DE6E3 /* HotProspectsTests.swift */; };
		4922E2B82B225F31003DE6E3 /* HotProspectsUITests.swift in Sources */ = {isa = PBXBuildFile; fileRef = 4922E2B72B225F31003DE6E3 /* HotProspectsUITests.swift */; };
		4922E2BA2B225F31003DE6E3 /* HotProspectsUITestsLaunchTests.swift in Sources */ = {isa = PBXBuildFile; fileRef = 4922E2B92B225F31003DE6E3 /* HotProspectsUITestsLaunchTests.swift */; };
		494680DA2B2D4D8F00A79FA1 /* ImageSaver.swift in Sources */ = {isa = PBXBuildFile; fileRef = 494680D92B2D4D8F00A79FA1 /* ImageSaver.swift */; };
		494680DC2B2FC4F800A79FA1 /* FileManager-DocumentsDirectory.swift in Sources */ = {isa = PBXBuildFile; fileRef = 494680DB2B2FC4F800A79FA1 /* FileManager-DocumentsDirectory.swift */; };
/* End PBXBuildFile section */

/* Begin PBXContainerItemProxy section */
		4922E2AA2B225F31003DE6E3 /* PBXContainerItemProxy */ = {
			isa = PBXContainerItemProxy;
			containerPortal = 4922E2912B225F30003DE6E3 /* Project object */;
			proxyType = 1;
			remoteGlobalIDString = 4922E2982B225F30003DE6E3;
			remoteInfo = HotProspects;
		};
		4922E2B42B225F31003DE6E3 /* PBXContainerItemProxy */ = {
			isa = PBXContainerItemProxy;
			containerPortal = 4922E2912B225F30003DE6E3 /* Project object */;
			proxyType = 1;
			remoteGlobalIDString = 4922E2982B225F30003DE6E3;
			remoteInfo = HotProspects;
		};
/* End PBXContainerItemProxy section */

/* Begin PBXFileReference section */
		4922CCEE2B2A330F00F6BEB1 /* ProspectsView.swift */ = {isa = PBXFileReference; lastKnownFileType = sourcecode.swift; path = ProspectsView.swift; sourceTree = "<group>"; };
		4922CCF02B2A331600F6BEB1 /* MeView.swift */ = {isa = PBXFileReference; lastKnownFileType = sourcecode.swift; path = MeView.swift; sourceTree = "<group>"; };
		4922CCF22B2A351B00F6BEB1 /* Prospect.swift */ = {isa = PBXFileReference; lastKnownFileType = sourcecode.swift; path = Prospect.swift; sourceTree = "<group>"; };
		4922E2992B225F30003DE6E3 /* HotProspects.app */ = {isa = PBXFileReference; explicitFileType = wrapper.application; includeInIndex = 0; path = HotProspects.app; sourceTree = BUILT_PRODUCTS_DIR; };
		4922E29C2B225F30003DE6E3 /* HotProspectsApp.swift */ = {isa = PBXFileReference; lastKnownFileType = sourcecode.swift; path = HotProspectsApp.swift; sourceTree = "<group>"; };
		4922E29E2B225F30003DE6E3 /* ContentView.swift */ = {isa = PBXFileReference; lastKnownFileType = sourcecode.swift; path = ContentView.swift; sourceTree = "<group>"; };
		4922E2A02B225F30003DE6E3 /* Assets.xcassets */ = {isa = PBXFileReference; lastKnownFileType = folder.assetcatalog; path = Assets.xcassets; sourceTree = "<group>"; };
		4922E2A32B225F30003DE6E3 /* Preview Assets.xcassets */ = {isa = PBXFileReference; lastKnownFileType = folder.assetcatalog; path = "Preview Assets.xcassets"; sourceTree = "<group>"; };
		4922E2A92B225F31003DE6E3 /* HotProspectsTests.xctest */ = {isa = PBXFileReference; explicitFileType = wrapper.cfbundle; includeInIndex = 0; path = HotProspectsTests.xctest; sourceTree = BUILT_PRODUCTS_DIR; };
		4922E2AD2B225F31003DE6E3 /* HotProspectsTests.swift */ = {isa = PBXFileReference; lastKnownFileType = sourcecode.swift; path = HotProspectsTests.swift; sourceTree = "<group>"; };
		4922E2B32B225F31003DE6E3 /* HotProspectsUITests.xctest */ = {isa = PBXFileReference; explicitFileType = wrapper.cfbundle; includeInIndex = 0; path = HotProspectsUITests.xctest; sourceTree = BUILT_PRODUCTS_DIR; };
		4922E2B72B225F31003DE6E3 /* HotProspectsUITests.swift */ = {isa = PBXFileReference; lastKnownFileType = sourcecode.swift; path = HotProspectsUITests.swift; sourceTree = "<group>"; };
		4922E2B92B225F31003DE6E3 /* HotProspectsUITestsLaunchTests.swift */ = {isa = PBXFileReference; lastKnownFileType = sourcecode.swift; path = HotProspectsUITestsLaunchTests.swift; sourceTree = "<group>"; };
		494680D92B2D4D8F00A79FA1 /* ImageSaver.swift */ = {isa = PBXFileReference; fileEncoding = 4; lastKnownFileType = sourcecode.swift; name = ImageSaver.swift; path = HotProspects/ImageSaver.swift; sourceTree = SOURCE_ROOT; };
		494680DB2B2FC4F800A79FA1 /* FileManager-DocumentsDirectory.swift */ = {isa = PBXFileReference; fileEncoding = 4; lastKnownFileType = sourcecode.swift; path = "FileManager-DocumentsDirectory.swift"; sourceTree = "<group>"; };
/* End PBXFileReference section */

/* Begin PBXFrameworksBuildPhase section */
		4922E2962B225F30003DE6E3 /* Frameworks */ = {
			isa = PBXFrameworksBuildPhase;
			buildActionMask = 2147483647;
			files = (
				4922CCFC2B2BB88500F6BEB1 /* CodeScanner in Frameworks */,
			);
			runOnlyForDeploymentPostprocessing = 0;
		};
		4922E2A62B225F31003DE6E3 /* Frameworks */ = {
			isa = PBXFrameworksBuildPhase;
			buildActionMask = 2147483647;
			files = (
			);
			runOnlyForDeploymentPostprocessing = 0;
		};
		4922E2B02B225F31003DE6E3 /* Frameworks */ = {
			isa = PBXFrameworksBuildPhase;
			buildActionMask = 2147483647;
			files = (
			);
			runOnlyForDeploymentPostprocessing = 0;
		};
/* End PBXFrameworksBuildPhase section */

/* Begin PBXGroup section */
		4922E2902B225F30003DE6E3 = {
			isa = PBXGroup;
			children = (
				4922E29B2B225F30003DE6E3 /* HotProspects */,
				4922E2AC2B225F31003DE6E3 /* HotProspectsTests */,
				4922E2B62B225F31003DE6E3 /* HotProspectsUITests */,
				4922E29A2B225F30003DE6E3 /* Products */,
			);
			sourceTree = "<group>";
		};
		4922E29A2B225F30003DE6E3 /* Products */ = {
			isa = PBXGroup;
			children = (
				4922E2992B225F30003DE6E3 /* HotProspects.app */,
				4922E2A92B225F31003DE6E3 /* HotProspectsTests.xctest */,
				4922E2B32B225F31003DE6E3 /* HotProspectsUITests.xctest */,
			);
			name = Products;
			sourceTree = "<group>";
		};
		4922E29B2B225F30003DE6E3 /* HotProspects */ = {
			isa = PBXGroup;
			children = (
				494680DB2B2FC4F800A79FA1 /* FileManager-DocumentsDirectory.swift */,
				4922E29C2B225F30003DE6E3 /* HotProspectsApp.swift */,
				4922E29E2B225F30003DE6E3 /* ContentView.swift */,
				4922E2A02B225F30003DE6E3 /* Assets.xcassets */,
				4922E2A22B225F30003DE6E3 /* Preview Content */,
				4922CCEE2B2A330F00F6BEB1 /* ProspectsView.swift */,
				4922CCF02B2A331600F6BEB1 /* MeView.swift */,
				4922CCF22B2A351B00F6BEB1 /* Prospect.swift */,
			);
			path = HotProspects;
			sourceTree = "<group>";
		};
		4922E2A22B225F30003DE6E3 /* Preview Content */ = {
			isa = PBXGroup;
			children = (
				494680D92B2D4D8F00A79FA1 /* ImageSaver.swift */,
				4922E2A32B225F30003DE6E3 /* Preview Assets.xcassets */,
			);
			path = "Preview Content";
			sourceTree = "<group>";
		};
		4922E2AC2B225F31003DE6E3 /* HotProspectsTests */ = {
			isa = PBXGroup;
			children = (
				4922E2AD2B225F31003DE6E3 /* HotProspectsTests.swift */,
			);
			path = HotProspectsTests;
			sourceTree = "<group>";
		};
		4922E2B62B225F31003DE6E3 /* HotProspectsUITests */ = {
			isa = PBXGroup;
			children = (
				4922E2B72B225F31003DE6E3 /* HotProspectsUITests.swift */,
				4922E2B92B225F31003DE6E3 /* HotProspectsUITestsLaunchTests.swift */,
			);
			path = HotProspectsUITests;
			sourceTree = "<group>";
		};
/* End PBXGroup section */

/* Begin PBXNativeTarget section */
		4922E2982B225F30003DE6E3 /* HotProspects */ = {
			isa = PBXNativeTarget;
			buildConfigurationList = 4922E2BD2B225F31003DE6E3 /* Build configuration list for PBXNativeTarget "HotProspects" */;
			buildPhases = (
				4922E2952B225F30003DE6E3 /* Sources */,
				4922E2962B225F30003DE6E3 /* Frameworks */,
				4922E2972B225F30003DE6E3 /* Resources */,
			);
			buildRules = (
			);
			dependencies = (
			);
			name = HotProspects;
			packageProductDependencies = (
				4922CCFB2B2BB88500F6BEB1 /* CodeScanner */,
			);
			productName = HotProspects;
			productReference = 4922E2992B225F30003DE6E3 /* HotProspects.app */;
			productType = "com.apple.product-type.application";
		};
		4922E2A82B225F31003DE6E3 /* HotProspectsTests */ = {
			isa = PBXNativeTarget;
			buildConfigurationList = 4922E2C02B225F31003DE6E3 /* Build configuration list for PBXNativeTarget "HotProspectsTests" */;
			buildPhases = (
				4922E2A52B225F31003DE6E3 /* Sources */,
				4922E2A62B225F31003DE6E3 /* Frameworks */,
				4922E2A72B225F31003DE6E3 /* Resources */,
			);
			buildRules = (
			);
			dependencies = (
				4922E2AB2B225F31003DE6E3 /* PBXTargetDependency */,
			);
			name = HotProspectsTests;
			productName = HotProspectsTests;
			productReference = 4922E2A92B225F31003DE6E3 /* HotProspectsTests.xctest */;
			productType = "com.apple.product-type.bundle.unit-test";
		};
		4922E2B22B225F31003DE6E3 /* HotProspectsUITests */ = {
			isa = PBXNativeTarget;
			buildConfigurationList = 4922E2C32B225F31003DE6E3 /* Build configuration list for PBXNativeTarget "HotProspectsUITests" */;
			buildPhases = (
				4922E2AF2B225F31003DE6E3 /* Sources */,
				4922E2B02B225F31003DE6E3 /* Frameworks */,
				4922E2B12B225F31003DE6E3 /* Resources */,
			);
			buildRules = (
			);
			dependencies = (
				4922E2B52B225F31003DE6E3 /* PBXTargetDependency */,
			);
			name = HotProspectsUITests;
			productName = HotProspectsUITests;
			productReference = 4922E2B32B225F31003DE6E3 /* HotProspectsUITests.xctest */;
			productType = "com.apple.product-type.bundle.ui-testing";
		};
/* End PBXNativeTarget section */

/* Begin PBXProject section */
		4922E2912B225F30003DE6E3 /* Project object */ = {
			isa = PBXProject;
			attributes = {
				BuildIndependentTargetsInParallel = 1;
				LastSwiftUpdateCheck = 1500;
				LastUpgradeCheck = 1500;
				TargetAttributes = {
					4922E2982B225F30003DE6E3 = {
						CreatedOnToolsVersion = 15.0.1;
					};
					4922E2A82B225F31003DE6E3 = {
						CreatedOnToolsVersion = 15.0.1;
						TestTargetID = 4922E2982B225F30003DE6E3;
					};
					4922E2B22B225F31003DE6E3 = {
						CreatedOnToolsVersion = 15.0.1;
						TestTargetID = 4922E2982B225F30003DE6E3;
					};
				};
			};
			buildConfigurationList = 4922E2942B225F30003DE6E3 /* Build configuration list for PBXProject "HotProspects" */;
			compatibilityVersion = "Xcode 14.0";
			developmentRegion = en;
			hasScannedForEncodings = 0;
			knownRegions = (
				en,
				Base,
			);
			mainGroup = 4922E2902B225F30003DE6E3;
			packageReferences = (
				4922CCFA2B2BB88500F6BEB1 /* XCRemoteSwiftPackageReference "CodeScanner" */,
			);
			productRefGroup = 4922E29A2B225F30003DE6E3 /* Products */;
			projectDirPath = "";
			projectRoot = "";
			targets = (
				4922E2982B225F30003DE6E3 /* HotProspects */,
				4922E2A82B225F31003DE6E3 /* HotProspectsTests */,
				4922E2B22B225F31003DE6E3 /* HotProspectsUITests */,
			);
		};
/* End PBXProject section */

/* Begin PBXResourcesBuildPhase section */
		4922E2972B225F30003DE6E3 /* Resources */ = {
			isa = PBXResourcesBuildPhase;
			buildActionMask = 2147483647;
			files = (
				4922E2A42B225F30003DE6E3 /* Preview Assets.xcassets in Resources */,
				4922E2A12B225F30003DE6E3 /* Assets.xcassets in Resources */,
			);
			runOnlyForDeploymentPostprocessing = 0;
		};
		4922E2A72B225F31003DE6E3 /* Resources */ = {
			isa = PBXResourcesBuildPhase;
			buildActionMask = 2147483647;
			files = (
			);
			runOnlyForDeploymentPostprocessing = 0;
		};
		4922E2B12B225F31003DE6E3 /* Resources */ = {
			isa = PBXResourcesBuildPhase;
			buildActionMask = 2147483647;
			files = (
			);
			runOnlyForDeploymentPostprocessing = 0;
		};
/* End PBXResourcesBuildPhase section */

/* Begin PBXSourcesBuildPhase section */
		4922E2952B225F30003DE6E3 /* Sources */ = {
			isa = PBXSourcesBuildPhase;
			buildActionMask = 2147483647;
			files = (
				4922CCF12B2A331600F6BEB1 /* MeView.swift in Sources */,
				494680DC2B2FC4F800A79FA1 /* FileManager-DocumentsDirectory.swift in Sources */,
				494680DA2B2D4D8F00A79FA1 /* ImageSaver.swift in Sources */,
				4922CCF32B2A351B00F6BEB1 /* Prospect.swift in Sources */,
				4922CCEF2B2A330F00F6BEB1 /* ProspectsView.swift in Sources */,
				4922E29F2B225F30003DE6E3 /* ContentView.swift in Sources */,
				4922E29D2B225F30003DE6E3 /* HotProspectsApp.swift in Sources */,
			);
			runOnlyForDeploymentPostprocessing = 0;
		};
		4922E2A52B225F31003DE6E3 /* Sources */ = {
			isa = PBXSourcesBuildPhase;
			buildActionMask = 2147483647;
			files = (
				4922E2AE2B225F31003DE6E3 /* HotProspectsTests.swift in Sources */,
			);
			runOnlyForDeploymentPostprocessing = 0;
		};
		4922E2AF2B225F31003DE6E3 /* Sources */ = {
			isa = PBXSourcesBuildPhase;
			buildActionMask = 2147483647;
			files = (
				4922E2BA2B225F31003DE6E3 /* HotProspectsUITestsLaunchTests.swift in Sources */,
				4922E2B82B225F31003DE6E3 /* HotProspectsUITests.swift in Sources */,
			);
			runOnlyForDeploymentPostprocessing = 0;
		};
/* End PBXSourcesBuildPhase section */

/* Begin PBXTargetDependency section */
		4922E2AB2B225F31003DE6E3 /* PBXTargetDependency */ = {
			isa = PBXTargetDependency;
			target = 4922E2982B225F30003DE6E3 /* HotProspects */;
			targetProxy = 4922E2AA2B225F31003DE6E3 /* PBXContainerItemProxy */;
		};
		4922E2B52B225F31003DE6E3 /* PBXTargetDependency */ = {
			isa = PBXTargetDependency;
			target = 4922E2982B225F30003DE6E3 /* HotProspects */;
			targetProxy = 4922E2B42B225F31003DE6E3 /* PBXContainerItemProxy */;
		};
/* End PBXTargetDependency section */

/* Begin XCBuildConfiguration section */
		4922E2BB2B225F31003DE6E3 /* Debug */ = {
			isa = XCBuildConfiguration;
			buildSettings = {
				ALWAYS_SEARCH_USER_PATHS = NO;
				ASSETCATALOG_COMPILER_GENERATE_SWIFT_ASSET_SYMBOL_EXTENSIONS = YES;
				CLANG_ANALYZER_NONNULL = YES;
				CLANG_ANALYZER_NUMBER_OBJECT_CONVERSION = YES_AGGRESSIVE;
				CLANG_CXX_LANGUAGE_STANDARD = "gnu++20";
				CLANG_ENABLE_MODULES = YES;
				CLANG_ENABLE_OBJC_ARC = YES;
				CLANG_ENABLE_OBJC_WEAK = YES;
				CLANG_WARN_BLOCK_CAPTURE_AUTORELEASING = YES;
				CLANG_WARN_BOOL_CONVERSION = YES;
				CLANG_WARN_COMMA = YES;
				CLANG_WARN_CONSTANT_CONVERSION = YES;
				CLANG_WARN_DEPRECATED_OBJC_IMPLEMENTATIONS = YES;
				CLANG_WARN_DIRECT_OBJC_ISA_USAGE = YES_ERROR;
				CLANG_WARN_DOCUMENTATION_COMMENTS = YES;
				CLANG_WARN_EMPTY_BODY = YES;
				CLANG_WARN_ENUM_CONVERSION = YES;
				CLANG_WARN_INFINITE_RECURSION = YES;
				CLANG_WARN_INT_CONVERSION = YES;
				CLANG_WARN_NON_LITERAL_NULL_CONVERSION = YES;
				CLANG_WARN_OBJC_IMPLICIT_RETAIN_SELF = YES;
				CLANG_WARN_OBJC_LITERAL_CONVERSION = YES;
				CLANG_WARN_OBJC_ROOT_CLASS = YES_ERROR;
				CLANG_WARN_QUOTED_INCLUDE_IN_FRAMEWORK_HEADER = YES;
				CLANG_WARN_RANGE_LOOP_ANALYSIS = YES;
				CLANG_WARN_STRICT_PROTOTYPES = YES;
				CLANG_WARN_SUSPICIOUS_MOVE = YES;
				CLANG_WARN_UNGUARDED_AVAILABILITY = YES_AGGRESSIVE;
				CLANG_WARN_UNREACHABLE_CODE = YES;
				CLANG_WARN__DUPLICATE_METHOD_MATCH = YES;
				COPY_PHASE_STRIP = NO;
				DEBUG_INFORMATION_FORMAT = dwarf;
				ENABLE_STRICT_OBJC_MSGSEND = YES;
				ENABLE_TESTABILITY = YES;
				ENABLE_USER_SCRIPT_SANDBOXING = YES;
				GCC_C_LANGUAGE_STANDARD = gnu17;
				GCC_DYNAMIC_NO_PIC = NO;
				GCC_NO_COMMON_BLOCKS = YES;
				GCC_OPTIMIZATION_LEVEL = 0;
				GCC_PREPROCESSOR_DEFINITIONS = (
					"DEBUG=1",
					"$(inherited)",
				);
				GCC_WARN_64_TO_32_BIT_CONVERSION = YES;
				GCC_WARN_ABOUT_RETURN_TYPE = YES_ERROR;
				GCC_WARN_UNDECLARED_SELECTOR = YES;
				GCC_WARN_UNINITIALIZED_AUTOS = YES_AGGRESSIVE;
				GCC_WARN_UNUSED_FUNCTION = YES;
				GCC_WARN_UNUSED_VARIABLE = YES;
				IPHONEOS_DEPLOYMENT_TARGET = 17.0;
				LOCALIZATION_PREFERS_STRING_CATALOGS = YES;
				MTL_ENABLE_DEBUG_INFO = INCLUDE_SOURCE;
				MTL_FAST_MATH = YES;
				ONLY_ACTIVE_ARCH = YES;
				SDKROOT = iphoneos;
				SWIFT_ACTIVE_COMPILATION_CONDITIONS = "DEBUG $(inherited)";
				SWIFT_OPTIMIZATION_LEVEL = "-Onone";
			};
			name = Debug;
		};
		4922E2BC2B225F31003DE6E3 /* Release */ = {
			isa = XCBuildConfiguration;
			buildSettings = {
				ALWAYS_SEARCH_USER_PATHS = NO;
				ASSETCATALOG_COMPILER_GENERATE_SWIFT_ASSET_SYMBOL_EXTENSIONS = YES;
				CLANG_ANALYZER_NONNULL = YES;
				CLANG_ANALYZER_NUMBER_OBJECT_CONVERSION = YES_AGGRESSIVE;
				CLANG_CXX_LANGUAGE_STANDARD = "gnu++20";
				CLANG_ENABLE_MODULES = YES;
				CLANG_ENABLE_OBJC_ARC = YES;
				CLANG_ENABLE_OBJC_WEAK = YES;
				CLANG_WARN_BLOCK_CAPTURE_AUTORELEASING = YES;
				CLANG_WARN_BOOL_CONVERSION = YES;
				CLANG_WARN_COMMA = YES;
				CLANG_WARN_CONSTANT_CONVERSION = YES;
				CLANG_WARN_DEPRECATED_OBJC_IMPLEMENTATIONS = YES;
				CLANG_WARN_DIRECT_OBJC_ISA_USAGE = YES_ERROR;
				CLANG_WARN_DOCUMENTATION_COMMENTS = YES;
				CLANG_WARN_EMPTY_BODY = YES;
				CLANG_WARN_ENUM_CONVERSION = YES;
				CLANG_WARN_INFINITE_RECURSION = YES;
				CLANG_WARN_INT_CONVERSION = YES;
				CLANG_WARN_NON_LITERAL_NULL_CONVERSION = YES;
				CLANG_WARN_OBJC_IMPLICIT_RETAIN_SELF = YES;
				CLANG_WARN_OBJC_LITERAL_CONVERSION = YES;
				CLANG_WARN_OBJC_ROOT_CLASS = YES_ERROR;
				CLANG_WARN_QUOTED_INCLUDE_IN_FRAMEWORK_HEADER = YES;
				CLANG_WARN_RANGE_LOOP_ANALYSIS = YES;
				CLANG_WARN_STRICT_PROTOTYPES = YES;
				CLANG_WARN_SUSPICIOUS_MOVE = YES;
				CLANG_WARN_UNGUARDED_AVAILABILITY = YES_AGGRESSIVE;
				CLANG_WARN_UNREACHABLE_CODE = YES;
				CLANG_WARN__DUPLICATE_METHOD_MATCH = YES;
				COPY_PHASE_STRIP = NO;
				DEBUG_INFORMATION_FORMAT = "dwarf-with-dsym";
				ENABLE_NS_ASSERTIONS = NO;
				ENABLE_STRICT_OBJC_MSGSEND = YES;
				ENABLE_USER_SCRIPT_SANDBOXING = YES;
				GCC_C_LANGUAGE_STANDARD = gnu17;
				GCC_NO_COMMON_BLOCKS = YES;
				GCC_WARN_64_TO_32_BIT_CONVERSION = YES;
				GCC_WARN_ABOUT_RETURN_TYPE = YES_ERROR;
				GCC_WARN_UNDECLARED_SELECTOR = YES;
				GCC_WARN_UNINITIALIZED_AUTOS = YES_AGGRESSIVE;
				GCC_WARN_UNUSED_FUNCTION = YES;
				GCC_WARN_UNUSED_VARIABLE = YES;
				IPHONEOS_DEPLOYMENT_TARGET = 17.0;
				LOCALIZATION_PREFERS_STRING_CATALOGS = YES;
				MTL_ENABLE_DEBUG_INFO = NO;
				MTL_FAST_MATH = YES;
				SDKROOT = iphoneos;
				SWIFT_COMPILATION_MODE = wholemodule;
				VALIDATE_PRODUCT = YES;
			};
			name = Release;
		};
		4922E2BE2B225F31003DE6E3 /* Debug */ = {
			isa = XCBuildConfiguration;
			buildSettings = {
				ASSETCATALOG_COMPILER_APPICON_NAME = AppIcon;
				ASSETCATALOG_COMPILER_GLOBAL_ACCENT_COLOR_NAME = AccentColor;
				CODE_SIGN_STYLE = Automatic;
				CURRENT_PROJECT_VERSION = 1;
				DEVELOPMENT_ASSET_PATHS = "\"HotProspects/Preview Content\"";
				ENABLE_PREVIEWS = YES;
				GENERATE_INFOPLIST_FILE = YES;
				INFOPLIST_KEY_NSCameraUsageDescription = "We need to scan QR code";
				INFOPLIST_KEY_NSPhotoLibraryAddUsageDescription = "We wan to save your QR Code";
				INFOPLIST_KEY_UIApplicationSceneManifest_Generation = YES;
				INFOPLIST_KEY_UIApplicationSupportsIndirectInputEvents = YES;
				INFOPLIST_KEY_UILaunchScreen_Generation = YES;
				INFOPLIST_KEY_UISupportedInterfaceOrientations_iPad = "UIInterfaceOrientationPortrait UIInterfaceOrientationPortraitUpsideDown UIInterfaceOrientationLandscapeLeft UIInterfaceOrientationLandscapeRight";
				INFOPLIST_KEY_UISupportedInterfaceOrientations_iPhone = "UIInterfaceOrientationPortrait UIInterfaceOrientationLandscapeLeft UIInterfaceOrientationLandscapeRight";
				LD_RUNPATH_SEARCH_PATHS = (
					"$(inherited)",
					"@executable_path/Frameworks",
				);
				MARKETING_VERSION = 1.0;
				PRODUCT_BUNDLE_IDENTIFIER = something.HotProspects;
				PRODUCT_NAME = "$(TARGET_NAME)";
				SWIFT_EMIT_LOC_STRINGS = YES;
				SWIFT_VERSION = 5.0;
				TARGETED_DEVICE_FAMILY = "1,2";
			};
			name = Debug;
		};
		4922E2BF2B225F31003DE6E3 /* Release */ = {
			isa = XCBuildConfiguration;
			buildSettings = {
				ASSETCATALOG_COMPILER_APPICON_NAME = AppIcon;
				ASSETCATALOG_COMPILER_GLOBAL_ACCENT_COLOR_NAME = AccentColor;
				CODE_SIGN_STYLE = Automatic;
				CURRENT_PROJECT_VERSION = 1;
				DEVELOPMENT_ASSET_PATHS = "\"HotProspects/Preview Content\"";
				ENABLE_PREVIEWS = YES;
				GENERATE_INFOPLIST_FILE = YES;
				INFOPLIST_KEY_NSCameraUsageDescription = "We need to scan QR code";
				INFOPLIST_KEY_NSPhotoLibraryAddUsageDescription = "We wan to save your QR Code";
				INFOPLIST_KEY_UIApplicationSceneManifest_Generation = YES;
				INFOPLIST_KEY_UIApplicationSupportsIndirectInputEvents = YES;
				INFOPLIST_KEY_UILaunchScreen_Generation = YES;
				INFOPLIST_KEY_UISupportedInterfaceOrientations_iPad = "UIInterfaceOrientationPortrait UIInterfaceOrientationPortraitUpsideDown UIInterfaceOrientationLandscapeLeft UIInterfaceOrientationLandscapeRight";
				INFOPLIST_KEY_UISupportedInterfaceOrientations_iPhone = "UIInterfaceOrientationPortrait UIInterfaceOrientationLandscapeLeft UIInterfaceOrientationLandscapeRight";
				LD_RUNPATH_SEARCH_PATHS = (
					"$(inherited)",
					"@executable_path/Frameworks",
				);
				MARKETING_VERSION = 1.0;
				PRODUCT_BUNDLE_IDENTIFIER = something.HotProspects;
				PRODUCT_NAME = "$(TARGET_NAME)";
				SWIFT_EMIT_LOC_STRINGS = YES;
				SWIFT_VERSION = 5.0;
				TARGETED_DEVICE_FAMILY = "1,2";
			};
			name = Release;
		};
		4922E2C12B225F31003DE6E3 /* Debug */ = {
			isa = XCBuildConfiguration;
			buildSettings = {
				ALWAYS_EMBED_SWIFT_STANDARD_LIBRARIES = YES;
				BUNDLE_LOADER = "$(TEST_HOST)";
				CODE_SIGN_STYLE = Automatic;
				CURRENT_PROJECT_VERSION = 1;
				GENERATE_INFOPLIST_FILE = YES;
				IPHONEOS_DEPLOYMENT_TARGET = 17.0;
				MARKETING_VERSION = 1.0;
				PRODUCT_BUNDLE_IDENTIFIER = something.HotProspectsTests;
				PRODUCT_NAME = "$(TARGET_NAME)";
				SWIFT_EMIT_LOC_STRINGS = NO;
				SWIFT_VERSION = 5.0;
				TARGETED_DEVICE_FAMILY = "1,2";
				TEST_HOST = "$(BUILT_PRODUCTS_DIR)/HotProspects.app/$(BUNDLE_EXECUTABLE_FOLDER_PATH)/HotProspects";
			};
			name = Debug;
		};
		4922E2C22B225F31003DE6E3 /* Release */ = {
			isa = XCBuildConfiguration;
			buildSettings = {
				ALWAYS_EMBED_SWIFT_STANDARD_LIBRARIES = YES;
				BUNDLE_LOADER = "$(TEST_HOST)";
				CODE_SIGN_STYLE = Automatic;
				CURRENT_PROJECT_VERSION = 1;
				GENERATE_INFOPLIST_FILE = YES;
				IPHONEOS_DEPLOYMENT_TARGET = 17.0;
				MARKETING_VERSION = 1.0;
				PRODUCT_BUNDLE_IDENTIFIER = something.HotProspectsTests;
				PRODUCT_NAME = "$(TARGET_NAME)";
				SWIFT_EMIT_LOC_STRINGS = NO;
				SWIFT_VERSION = 5.0;
				TARGETED_DEVICE_FAMILY = "1,2";
				TEST_HOST = "$(BUILT_PRODUCTS_DIR)/HotProspects.app/$(BUNDLE_EXECUTABLE_FOLDER_PATH)/HotProspects";
			};
			name = Release;
		};
		4922E2C42B225F31003DE6E3 /* Debug */ = {
			isa = XCBuildConfiguration;
			buildSettings = {
				ALWAYS_EMBED_SWIFT_STANDARD_LIBRARIES = YES;
				CODE_SIGN_STYLE = Automatic;
				CURRENT_PROJECT_VERSION = 1;
				GENERATE_INFOPLIST_FILE = YES;
				MARKETING_VERSION = 1.0;
				PRODUCT_BUNDLE_IDENTIFIER = something.HotProspectsUITests;
				PRODUCT_NAME = "$(TARGET_NAME)";
				SWIFT_EMIT_LOC_STRINGS = NO;
				SWIFT_VERSION = 5.0;
				TARGETED_DEVICE_FAMILY = "1,2";
				TEST_TARGET_NAME = HotProspects;
			};
			name = Debug;
		};
		4922E2C52B225F31003DE6E3 /* Release */ = {
			isa = XCBuildConfiguration;
			buildSettings = {
				ALWAYS_EMBED_SWIFT_STANDARD_LIBRARIES = YES;
				CODE_SIGN_STYLE = Automatic;
				CURRENT_PROJECT_VERSION = 1;
				GENERATE_INFOPLIST_FILE = YES;
				MARKETING_VERSION = 1.0;
				PRODUCT_BUNDLE_IDENTIFIER = something.HotProspectsUITests;
				PRODUCT_NAME = "$(TARGET_NAME)";
				SWIFT_EMIT_LOC_STRINGS = NO;
				SWIFT_VERSION = 5.0;
				TARGETED_DEVICE_FAMILY = "1,2";
				TEST_TARGET_NAME = HotProspects;
			};
			name = Release;
		};
/* End XCBuildConfiguration section */

/* Begin XCConfigurationList section */
		4922E2942B225F30003DE6E3 /* Build configuration list for PBXProject "HotProspects" */ = {
			isa = XCConfigurationList;
			buildConfigurations = (
				4922E2BB2B225F31003DE6E3 /* Debug */,
				4922E2BC2B225F31003DE6E3 /* Release */,
			);
			defaultConfigurationIsVisible = 0;
			defaultConfigurationName = Release;
		};
		4922E2BD2B225F31003DE6E3 /* Build configuration list for PBXNativeTarget "HotProspects" */ = {
			isa = XCConfigurationList;
			buildConfigurations = (
				4922E2BE2B225F31003DE6E3 /* Debug */,
				4922E2BF2B225F31003DE6E3 /* Release */,
			);
			defaultConfigurationIsVisible = 0;
			defaultConfigurationName = Release;
		};
		4922E2C02B225F31003DE6E3 /* Build configuration list for PBXNativeTarget "HotProspectsTests" */ = {
			isa = XCConfigurationList;
			buildConfigurations = (
				4922E2C12B225F31003DE6E3 /* Debug */,
				4922E2C22B225F31003DE6E3 /* Release */,
			);
			defaultConfigurationIsVisible = 0;
			defaultConfigurationName = Release;
		};
		4922E2C32B225F31003DE6E3 /* Build configuration list for PBXNativeTarget "HotProspectsUITests" */ = {
			isa = XCConfigurationList;
			buildConfigurations = (
				4922E2C42B225F31003DE6E3 /* Debug */,
				4922E2C52B225F31003DE6E3 /* Release */,
			);
			defaultConfigurationIsVisible = 0;
			defaultConfigurationName = Release;
		};
/* End XCConfigurationList section */

/* Begin XCRemoteSwiftPackageReference section */
		4922CCFA2B2BB88500F6BEB1 /* XCRemoteSwiftPackageReference "CodeScanner" */ = {
			isa = XCRemoteSwiftPackageReference;
			repositoryURL = "https://github.com/twostraws/CodeScanner";
			requirement = {
				kind = upToNextMajorVersion;
				minimumVersion = 2.3.3;
			};
		};
/* End XCRemoteSwiftPackageReference section */

/* Begin XCSwiftPackageProductDependency section */
		4922CCFB2B2BB88500F6BEB1 /* CodeScanner */ = {
			isa = XCSwiftPackageProductDependency;
			package = 4922CCFA2B2BB88500F6BEB1 /* XCRemoteSwiftPackageReference "CodeScanner" */;
			productName = CodeScanner;
		};
/* End XCSwiftPackageProductDependency section */
	};
	rootObject = 4922E2912B225F30003DE6E3 /* Project object */;
}
